// !$*UTF8*$!
{
  archiveVersion = 1;
  classes = {
  };
  objectVersion = 56;
  objects = {

    /* Begin PBXBuildFile section */
    93CA62BE5DF78041 /* AddEventView.swift in Sources */ = {isa = PBXBuildFile; fileRef = AE27093481CFB5D6; };
    853FD972C61AE04B /* ContentView.swift in Sources */ = {isa = PBXBuildFile; fileRef = D83B6521F704A9EC; };
    C214B80D7563EA9F /* DashboardView.swift in Sources */ = {isa = PBXBuildFile; fileRef = 90A47D612ECB3F58; };
    1D50C24F83E76A9B /* Event.swift in Sources */ = {isa = PBXBuildFile; fileRef = 985C60A1DE4B732F; };
    C6F39521DEB87A40 /* EventManager.swift in Sources */ = {isa = PBXBuildFile; fileRef = 097315E4B28CF6AD; };
    05A1EB23789C64DF /* EventSyncProApp.swift in Sources */ = {isa = PBXBuildFile; fileRef = F0C1967283A45BDE; };
    A8E071F54B236C9D /* LocalEventManager.swift in Sources */ = {isa = PBXBuildFile; fileRef = 015FCA7D834926BE; };
    3D074AEB285961CF /* LocalModels.swift in Sources */ = {isa = PBXBuildFile; fileRef = 8BE2513406F7CDA9; };
    3809C6F7DEB5412A /* LocalRoomManager.swift in Sources */ = {isa = PBXBuildFile; fileRef = B4385C2D76FE19A0; };
    DA18B593CFE24706 /* LocalUserManager.swift in Sources */ = {isa = PBXBuildFile; fileRef = DE8395FC21760BA4; };
    1EFC0234BA78956D /* LocalEventManager.swift in Sources */ = {isa = PBXBuildFile; fileRef = F654D3BA728190CE; };
    D97A63C21E4B0F58 /* LocalRoomManager.swift in Sources */ = {isa = PBXBuildFile; fileRef = C069DF43A1EB8725; };
    D8619FCAB305E724 /* LocalUserManager.swift in Sources */ = {isa = PBXBuildFile; fileRef = 2E4D7915BA306CF8; };
    7398E2FCB14056AD /* LocalEvent.swift in Sources */ = {isa = PBXBuildFile; fileRef = 543860D92AFC1E7B; };
    396054DABC781E2F /* LocalRoom.swift in Sources */ = {isa = PBXBuildFile; fileRef = 71B3E42CF5A6089D; };
    2E4751B90C38AFD6 /* LocalUser.swift in Sources */ = {isa = PBXBuildFile; fileRef = 4986EFA2DC510B37; };
    69FA324D815CE70B /* README.md in Sources */ = {isa = PBXBuildFile; fileRef = B98FCD01A6E27345; };
    2E17654C89DAFB03 /* Room.swift in Sources */ = {isa = PBXBuildFile; fileRef = A1FBE0645C8D3972; };
    5D69320EC7F18A4B /* RoomManager.swift in Sources */ = {isa = PBXBuildFile; fileRef = 4EA78C6D352F1B90; };
    38C21BD0AF94576E /* RoomStatusView.swift in Sources */ = {isa = PBXBuildFile; fileRef = A90C57E14832DB6F; };
    D3B6A09EC514F278 /* ScheduleView.swift in Sources */ = {isa = PBXBuildFile; fileRef = BC03A54DF172698E; };
    BC21869AD570E4F3 /* User.swift in Sources */ = {isa = PBXBuildFile; fileRef = B32A08974CFD16E5; };
    3781DB6A04925CEF /* UserManager.swift in Sources */ = {isa = PBXBuildFile; fileRef = 7E015C2348A9B6FD; };
    7015F96C23BA8E4D /* LoginView.swift in Sources */ = {isa = PBXBuildFile; fileRef = FA8B6249D1C5E730; };
    3620B5C817ED94FA /* RoomStatusView.swift in Sources */ = {isa = PBXBuildFile; fileRef = 7FB8AC4615D390E2; };
    21C397EDFA850B46 /* SettingsView.swift in Sources */ = {isa = PBXBuildFile; fileRef = 6C3192FA5807EBD4; };
    5F08BDC6A12394E7 /* StaffView.swift in Sources */ = {isa = PBXBuildFile; fileRef = 7F2031D465EBCA98; };
    4B0829FD73C1A56E /* LocalManagers.swift in Sources */ = {isa = PBXBuildFile; fileRef = 6D78E93FB05C1A24; };
    75BA1F0C4D3E8629 /* Models.swift in Sources */ = {isa = PBXBuildFile; fileRef = 06F281CD4A3B579E; };
    E0A12CB378F96D45 /* Managers.swift in Sources */ = {isa = PBXBuildFile; fileRef = E29DB67314F0AC58; };
    401B98CA53F2E67D /* RoomsView.swift in Sources */ = {isa = PBXBuildFile; fileRef = F67B531CA4928DE0; };
    38CA90B56E2741DF /* DesignFollowingDetailsTests.swift in Sources */ = {isa = PBXBuildFile; fileRef = 263ADC19EB487F05; };
    62E13F7A08B95D4C /* DesignFollowingDetailsUITests.swift in Sources */ = {isa = PBXBuildFile; fileRef = 49573EA18BC206DF; };
    7A80162C345E9FBD /* SwiftUI.framework in Frameworks */ = {isa = PBXBuildFile; fileRef = 0D6AE31FB948725C; };
    /* End PBXBuildFile section */

    /* Begin PBXFileReference section */
    E041B7258F936DCA /* DesignFollowingDetails.app */ = {isa = PBXFileReference; explicitFileType = wrapper.application; includeInIndex = 0; path = "DesignFollowingDetails.app"; sourceTree = BUILT_PRODUCTS_DIR; };
    AE27093481CFB5D6 /* AddEventView.swift */ = {isa = PBXFileReference; lastKnownFileType = sourcecode.swift; path = "AddEventView.swift"; sourceTree = "<group>"; };
    D83B6521F704A9EC /* ContentView.swift */ = {isa = PBXFileReference; lastKnownFileType = sourcecode.swift; path = "ContentView.swift"; sourceTree = "<group>"; };
    90A47D612ECB3F58 /* DashboardView.swift */ = {isa = PBXFileReference; lastKnownFileType = sourcecode.swift; path = "DashboardView.swift"; sourceTree = "<group>"; };
    985C60A1DE4B732F /* Event.swift */ = {isa = PBXFileReference; lastKnownFileType = sourcecode.swift; path = "Event.swift"; sourceTree = "<group>"; };
    097315E4B28CF6AD /* EventManager.swift */ = {isa = PBXFileReference; lastKnownFileType = sourcecode.swift; path = "EventManager.swift"; sourceTree = "<group>"; };
    F0C1967283A45BDE /* EventSyncProApp.swift */ = {isa = PBXFileReference; lastKnownFileType = sourcecode.swift; path = "EventSyncProApp.swift"; sourceTree = "<group>"; };
    015FCA7D834926BE /* LocalEventManager.swift */ = {isa = PBXFileReference; lastKnownFileType = sourcecode.swift; path = "LocalEventManager.swift"; sourceTree = "<group>"; };
    8BE2513406F7CDA9 /* LocalModels.swift */ = {isa = PBXFileReference; lastKnownFileType = sourcecode.swift; path = "LocalModels.swift"; sourceTree = "<group>"; };
    B4385C2D76FE19A0 /* LocalRoomManager.swift */ = {isa = PBXFileReference; lastKnownFileType = sourcecode.swift; path = "LocalRoomManager.swift"; sourceTree = "<group>"; };
    DE8395FC21760BA4 /* LocalUserManager.swift */ = {isa = PBXFileReference; lastKnownFileType = sourcecode.swift; path = "LocalUserManager.swift"; sourceTree = "<group>"; };
    F654D3BA728190CE /* LocalEventManager.swift */ = {isa = PBXFileReference; lastKnownFileType = sourcecode.swift; path = "LocalEventManager.swift"; sourceTree = "<group>"; };
    C069DF43A1EB8725 /* LocalRoomManager.swift */ = {isa = PBXFileReference; lastKnownFileType = sourcecode.swift; path = "LocalRoomManager.swift"; sourceTree = "<group>"; };
    2E4D7915BA306CF8 /* LocalUserManager.swift */ = {isa = PBXFileReference; lastKnownFileType = sourcecode.swift; path = "LocalUserManager.swift"; sourceTree = "<group>"; };
    543860D92AFC1E7B /* LocalEvent.swift */ = {isa = PBXFileReference; lastKnownFileType = sourcecode.swift; path = "LocalEvent.swift"; sourceTree = "<group>"; };
    71B3E42CF5A6089D /* LocalRoom.swift */ = {isa = PBXFileReference; lastKnownFileType = sourcecode.swift; path = "LocalRoom.swift"; sourceTree = "<group>"; };
    4986EFA2DC510B37 /* LocalUser.swift */ = {isa = PBXFileReference; lastKnownFileType = sourcecode.swift; path = "LocalUser.swift"; sourceTree = "<group>"; };
    B98FCD01A6E27345 /* README.md */ = {isa = PBXFileReference; lastKnownFileType = text.markdown; path = "README.md"; sourceTree = "<group>"; };
    A1FBE0645C8D3972 /* Room.swift */ = {isa = PBXFileReference; lastKnownFileType = sourcecode.swift; path = "Room.swift"; sourceTree = "<group>"; };
    4EA78C6D352F1B90 /* RoomManager.swift */ = {isa = PBXFileReference; lastKnownFileType = sourcecode.swift; path = "RoomManager.swift"; sourceTree = "<group>"; };
    A90C57E14832DB6F /* RoomStatusView.swift */ = {isa = PBXFileReference; lastKnownFileType = sourcecode.swift; path = "RoomStatusView.swift"; sourceTree = "<group>"; };
    BC03A54DF172698E /* ScheduleView.swift */ = {isa = PBXFileReference; lastKnownFileType = sourcecode.swift; path = "ScheduleView.swift"; sourceTree = "<group>"; };
    B32A08974CFD16E5 /* User.swift */ = {isa = PBXFileReference; lastKnownFileType = sourcecode.swift; path = "User.swift"; sourceTree = "<group>"; };
    7E015C2348A9B6FD /* UserManager.swift */ = {isa = PBXFileReference; lastKnownFileType = sourcecode.swift; path = "UserManager.swift"; sourceTree = "<group>"; };
    FA8B6249D1C5E730 /* LoginView.swift */ = {isa = PBXFileReference; lastKnownFileType = sourcecode.swift; path = "LoginView.swift"; sourceTree = "<group>"; };
    7FB8AC4615D390E2 /* RoomStatusView.swift */ = {isa = PBXFileReference; lastKnownFileType = sourcecode.swift; path = "RoomStatusView.swift"; sourceTree = "<group>"; };
    6C3192FA5807EBD4 /* SettingsView.swift */ = {isa = PBXFileReference; lastKnownFileType = sourcecode.swift; path = "SettingsView.swift"; sourceTree = "<group>"; };
    7F2031D465EBCA98 /* StaffView.swift */ = {isa = PBXFileReference; lastKnownFileType = sourcecode.swift; path = "StaffView.swift"; sourceTree = "<group>"; };
    6D78E93FB05C1A24 /* LocalManagers.swift */ = {isa = PBXFileReference; lastKnownFileType = sourcecode.swift; path = "LocalManagers.swift"; sourceTree = "<group>"; };
    06F281CD4A3B579E /* Models.swift */ = {isa = PBXFileReference; lastKnownFileType = sourcecode.swift; path = "Models.swift"; sourceTree = "<group>"; };
    E29DB67314F0AC58 /* Managers.swift */ = {isa = PBXFileReference; lastKnownFileType = sourcecode.swift; path = "Managers.swift"; sourceTree = "<group>"; };
    F67B531CA4928DE0 /* RoomsView.swift */ = {isa = PBXFileReference; lastKnownFileType = sourcecode.swift; path = "RoomsView.swift"; sourceTree = "<group>"; };
    263ADC19EB487F05 /* DesignFollowingDetailsTests.swift */ = {isa = PBXFileReference; lastKnownFileType = sourcecode.swift; path = "DesignFollowingDetailsTests.swift"; sourceTree = "<group>"; };
    49573EA18BC206DF /* DesignFollowingDetailsUITests.swift */ = {isa = PBXFileReference; lastKnownFileType = sourcecode.swift; path = "DesignFollowingDetailsUITests.swift"; sourceTree = "<group>"; };
    1D48F39620C7EB5A /* DesignFollowingDetailsTests.xctest */ = {isa = PBXFileReference; explicitFileType = wrapper.cfbundle; includeInIndex = 0; path = "DesignFollowingDetailsTests.xctest"; sourceTree = BUILT_PRODUCTS_DIR; };
    6BA9F125E07CD438 /* DesignFollowingDetailsUITests.xctest */ = {isa = PBXFileReference; explicitFileType = wrapper.cfbundle; includeInIndex = 0; path = "DesignFollowingDetailsUITests.xctest"; sourceTree = BUILT_PRODUCTS_DIR; };
    0D6AE31FB948725C /* SwiftUI.framework */ = {isa = PBXFileReference; lastKnownFileType = wrapper.framework; name = SwiftUI.framework; path = System/Library/Frameworks/SwiftUI.framework; sourceTree = SDKROOT; };
    /* End PBXFileReference section */

    /* Begin PBXFrameworksBuildPhase section */
    FE6AC1D02B745839 /* Frameworks */ = {
      isa = PBXFrameworksBuildPhase;
      buildActionMask = 2147483647;
      files = (
        7A80162C345E9FBD /* SwiftUI.framework in Frameworks */
      );
      runOnlyForDeploymentPostprocessing = 0;
    };
    FB26573C148A09DE /* Frameworks */ = {
      isa = PBXFrameworksBuildPhase;
      buildActionMask = 2147483647;
      files = (
      );
      runOnlyForDeploymentPostprocessing = 0;
    };
    7E2A390514D6F8CB /* Frameworks */ = {
      isa = PBXFrameworksBuildPhase;
      buildActionMask = 2147483647;
      files = (
      );
      runOnlyForDeploymentPostprocessing = 0;
    };
    /* End PBXFrameworksBuildPhase section */

    /* Begin PBXGroup section */
    306B14EDF289CA57 /* Main Group */ = {
      isa = PBXGroup;
      children = (
        061C4A3E2DBF7859 /* DesignFollowingDetails */,
        453D21098C6B7EFA /* DesignFollowingDetailsTests */,
        8FE3B2C9D51407A6 /* DesignFollowingDetailsUITests */,
        6F3EC5D24A9B7180 /* Products */
      );
      sourceTree = "<group>";
    };
    061C4A3E2DBF7859 /* DesignFollowingDetails */ = {
      isa = PBXGroup;
      children = (
        EA718BC93D24F056,
        63470E8F1BDC92A5,
        0D12375BF946C8AE,
        AE27093481CFB5D6,
        D83B6521F704A9EC,
        985C60A1DE4B732F,
        097315E4B28CF6AD,
        F0C1967283A45BDE,
        015FCA7D834926BE,
        B4385C2D76FE19A0,
        DE8395FC21760BA4,
        B98FCD01A6E27345,
        A1FBE0645C8D3972,
        4EA78C6D352F1B90,
        A90C57E14832DB6F,
        BC03A54DF172698E,
        B32A08974CFD16E5,
        7E015C2348A9B6FD,
        FA8B6249D1C5E730,
        6C3192FA5807EBD4,
        7F2031D465EBCA98,
        06F281CD4A3B579E,
        E29DB67314F0AC58
      );
      path = "DesignFollowingDetails";
      sourceTree = "<group>";
    };
    
    EA718BC93D24F056 /* Views */ = {
      isa = PBXGroup;
      children = (
        90A47D612ECB3F58,
        7FB8AC4615D390E2,
        F67B531CA4928DE0
      );
      path = "Views";
      sourceTree = "<group>";
    };
    63470E8F1BDC92A5 /* Models */ = {
      isa = PBXGroup;
      children = (
        8BE2513406F7CDA9,
        543860D92AFC1E7B,
        71B3E42CF5A6089D,
        4986EFA2DC510B37
      );
      path = "Models";
      sourceTree = "<group>";
    };
    0D12375BF946C8AE /* Managers */ = {
      isa = PBXGroup;
      children = (
        F654D3BA728190CE,
        C069DF43A1EB8725,
        2E4D7915BA306CF8,
        6D78E93FB05C1A24
      );
      path = "Managers";
      sourceTree = "<group>";
    };
    453D21098C6B7EFA /* DesignFollowingDetailsTests */ = {
      isa = PBXGroup;
      children = (
        263ADC19EB487F05 /* DesignFollowingDetailsTests.swift */
      );
      path = "DesignFollowingDetailsTests";
      sourceTree = "<group>";
    };
    8FE3B2C9D51407A6 /* DesignFollowingDetailsUITests */ = {
      isa = PBXGroup;
      children = (
        49573EA18BC206DF /* DesignFollowingDetailsUITests.swift */
      );
      path = "DesignFollowingDetailsUITests";
      sourceTree = "<group>";
    };
    6F3EC5D24A9B7180 /* Products */ = {
      isa = PBXGroup;
      children = (
        E041B7258F936DCA /* DesignFollowingDetails.app */,
        1D48F39620C7EB5A /* DesignFollowingDetailsTests.xctest */,
        6BA9F125E07CD438 /* DesignFollowingDetailsUITests.xctest */
      );
      name = Products;
      sourceTree = "<group>";
    };
    /* End PBXGroup section */

    /* Begin PBXNativeTarget section */
    6D0CE912837AB4F5 /* DesignFollowingDetails */ = {
      isa = PBXNativeTarget;
      buildConfigurationList = 0E81F23BA459DC76 /* Build configuration list for PBXNativeTarget "DesignFollowingDetails" */;
      buildPhases = (
        85741FD63BC92EA0 /* Sources */,
        FE6AC1D02B745839 /* Frameworks */
      );
      buildRules = (
      );
      dependencies = (
      );
      name = "DesignFollowingDetails";
      productName = "DesignFollowingDetails";
      productReference = E041B7258F936DCA /* DesignFollowingDetails.app */;
      productType = "com.apple.product-type.application";
    };
    4C0E3A912DB76F58 /* DesignFollowingDetailsTests */ = {
      isa = PBXNativeTarget;
      buildConfigurationList = 75D92AF106EB834C /* Build configuration list for PBXNativeTarget "DesignFollowingDetailsTests" */;
      buildPhases = (
        3C1AED95B4026F87 /* Sources */,
        FB26573C148A09DE /* Frameworks */
      );
      buildRules = (
      );
      dependencies = (
        FC675E10D8B34A29 /* PBXTargetDependency */
      );
      name = "DesignFollowingDetailsTests";
      productName = "DesignFollowingDetailsTests";
      productReference = 1D48F39620C7EB5A /* DesignFollowingDetailsTests.xctest */;
      productType = "com.apple.product-type.bundle.unit-test";
    };
    419F857C2D3EBA06 /* DesignFollowingDetailsUITests */ = {
      isa = PBXNativeTarget;
      buildConfigurationList = 32154AC07FD89BE6 /* Build configuration list for PBXNativeTarget "DesignFollowingDetailsUITests" */;
      buildPhases = (
        E8B7AD93F126C540 /* Sources */,
        7E2A390514D6F8CB /* Frameworks */
      );
      buildRules = (
      );
      dependencies = (
        65F98D0EB7C412A3 /* PBXTargetDependency */
      );
      name = "DesignFollowingDetailsUITests";
      productName = "DesignFollowingDetailsUITests";
      productReference = 6BA9F125E07CD438 /* DesignFollowingDetailsUITests.xctest */;
      productType = "com.apple.product-type.bundle.ui-testing";
    };
    /* End PBXNativeTarget section */

    /* Begin PBXProject section */
    0812D9BA34CF576E /* Project object */ = {
      isa = PBXProject;
      attributes = {
        LastSwiftUpdateCheck = 1500;
        LastUpgradeCheck = 1500;
        TargetAttributes = {
          6D0CE912837AB4F5 = {
            CreatedOnToolsVersion = 15.0;
          };
          4C0E3A912DB76F58 = {
            CreatedOnToolsVersion = 15.0;
            TestTargetID = 6D0CE912837AB4F5;
          };
          419F857C2D3EBA06 = {
            CreatedOnToolsVersion = 15.0;
            TestTargetID = 6D0CE912837AB4F5;
          };
        };
      };
      buildConfigurationList = 601958E4FBC72AD3 /* Build configuration list for PBXProject "DesignFollowingDetails" */;
      compatibilityVersion = "Xcode 14.0";
      developmentRegion = en;
      hasScannedForEncodings = 0;
      knownRegions = (
        en,
        Base
      );
      mainGroup = 306B14EDF289CA57;
      productRefGroup = 6F3EC5D24A9B7180 /* Products */;
      projectDirPath = "";
      projectRoot = "";
      targets = (
        6D0CE912837AB4F5 /* DesignFollowingDetails */,
        4C0E3A912DB76F58 /* DesignFollowingDetailsTests */,
        419F857C2D3EBA06 /* DesignFollowingDetailsUITests */
      );
    };
    /* End PBXProject section */

    /* Begin PBXSourcesBuildPhase section */
    85741FD63BC92EA0 /* Sources */ = {
      isa = PBXSourcesBuildPhase;
      buildActionMask = 2147483647;
      files = (
        93CA62BE5DF78041,
        853FD972C61AE04B,
        C214B80D7563EA9F,
        1D50C24F83E76A9B,
        C6F39521DEB87A40,
        05A1EB23789C64DF,
        A8E071F54B236C9D,
        3D074AEB285961CF,
        3809C6F7DEB5412A,
        DA18B593CFE24706,
        1EFC0234BA78956D,
        D97A63C21E4B0F58,
        D8619FCAB305E724,
        7398E2FCB14056AD,
        396054DABC781E2F,
        2E4751B90C38AFD6,
        69FA324D815CE70B,
        2E17654C89DAFB03,
        5D69320EC7F18A4B,
        38C21BD0AF94576E,
        D3B6A09EC514F278,
        BC21869AD570E4F3,
        3781DB6A04925CEF,
        7015F96C23BA8E4D,
        3620B5C817ED94FA,
        21C397EDFA850B46,
        5F08BDC6A12394E7,
        4B0829FD73C1A56E,
        75BA1F0C4D3E8629,
        E0A12CB378F96D45,
        401B98CA53F2E67D
      );
      runOnlyForDeploymentPostprocessing = 0;
    };
    3C1AED95B4026F87 /* Sources */ = {
      isa = PBXSourcesBuildPhase;
      buildActionMask = 2147483647;
      files = (
        38CA90B56E2741DF /* DesignFollowingDetailsTests.swift in Sources */
      );
      runOnlyForDeploymentPostprocessing = 0;
    };
    E8B7AD93F126C540 /* Sources */ = {
      isa = PBXSourcesBuildPhase;
      buildActionMask = 2147483647;
      files = (
        62E13F7A08B95D4C /* DesignFollowingDetailsUITests.swift in Sources */
      );
      runOnlyForDeploymentPostprocessing = 0;
    };
    /* End PBXSourcesBuildPhase section */

    /* Begin PBXContainerItemProxy section */
    08A75F4B136E92DC /* PBXContainerItemProxy */ = {
      isa = PBXContainerItemProxy;
      containerPortal = 0812D9BA34CF576E /* Project object */;
      proxyType = 1;
      remoteGlobalIDString = 6D0CE912837AB4F5;
      remoteInfo = "DesignFollowingDetails";
    };
    A9304D1B57CEF682 /* PBXContainerItemProxy */ = {
      isa = PBXContainerItemProxy;
      containerPortal = 0812D9BA34CF576E /* Project object */;
      proxyType = 1;
      remoteGlobalIDString = 6D0CE912837AB4F5;
      remoteInfo = "DesignFollowingDetails";
    };
    /* End PBXContainerItemProxy section */

    /* Begin PBXTargetDependency section */
    FC675E10D8B34A29 /* PBXTargetDependency */ = {
      isa = PBXTargetDependency;
      target = 6D0CE912837AB4F5 /* DesignFollowingDetails */;
      targetProxy = 08A75F4B136E92DC /* PBXContainerItemProxy */;
    };
    65F98D0EB7C412A3 /* PBXTargetDependency */ = {
      isa = PBXTargetDependency;
      target = 6D0CE912837AB4F5 /* DesignFollowingDetails */;
      targetProxy = A9304D1B57CEF682 /* PBXContainerItemProxy */;
    };
    /* End PBXTargetDependency section */

    /* Begin XCBuildConfiguration section */
    2805AC3D7E9FB641 /* Debug */ = {
      isa = XCBuildConfiguration;
      buildSettings = {
        ALWAYS_SEARCH_USER_PATHS = NO;
        ASSETCATALOG_COMPILER_APPICON_NAME = AppIcon;
        ASSETCATALOG_COMPILER_GLOBAL_ACCENT_COLOR_NAME = AccentColor;
        CLANG_ANALYZER_NONNULL = YES;
        CLANG_ANALYZER_NUMBER_OBJECT_CONVERSION = YES_AGGRESSIVE;
        CLANG_CXX_LANGUAGE_STANDARD = "gnu++20";
        CLANG_ENABLE_MODULES = YES;
        CLANG_ENABLE_OBJC_ARC = YES;
        CLANG_ENABLE_OBJC_WEAK = YES;
        CODE_SIGN_STYLE = Automatic;
        CURRENT_PROJECT_VERSION = 1;
        DEVELOPMENT_ASSET_PATHS = "";
        DEVELOPMENT_TEAM = "";
        ENABLE_PREVIEWS = YES;
        ENABLE_STRICT_OBJC_MSGSEND = YES;
        ENABLE_TESTABILITY = YES;
        FRAMEWORK_SEARCH_PATHS = (
          "$(inherited)",
          "$(SDKROOT)/System/Library/Frameworks"
        );
        GCC_C_LANGUAGE_STANDARD = gnu11;
        GCC_DYNAMIC_NO_PIC = NO;
        GCC_NO_COMMON_BLOCKS = YES;
        GCC_OPTIMIZATION_LEVEL = 0;
        GCC_PREPROCESSOR_DEFINITIONS = (
          "DEBUG=1",
          "$(inherited)",
        );
        GENERATE_INFOPLIST_FILE = YES;
        INFOPLIST_KEY_UIApplicationSceneManifest_Generation = YES;
        INFOPLIST_KEY_UILaunchScreen_Generation = YES;
        IPHONEOS_DEPLOYMENT_TARGET = 15.0;
        LD_RUNPATH_SEARCH_PATHS = (
          "$(inherited)",
          "@executable_path/Frameworks",
        );
        MARKETING_VERSION = 1.0;
        MTL_ENABLE_DEBUG_INFO = INCLUDE_SOURCE;
        MTL_FAST_MATH = YES;
        ONLY_ACTIVE_ARCH = YES;
        PRODUCT_BUNDLE_IDENTIFIER = "com.example.designfollowingdetails";
        PRODUCT_NAME = "$(TARGET_NAME)";
        SDKROOT = iphoneos;
        SUPPORTED_PLATFORMS = "iphoneos iphonesimulator";
        SUPPORTS_MACCATALYST = NO;
        SUPPORTS_MAC_DESIGNED_FOR_IPHONE_IPAD = NO;
        SWIFT_ACTIVE_COMPILATION_CONDITIONS = DEBUG;
        SWIFT_EMIT_LOC_STRINGS = YES;
        SWIFT_OPTIMIZATION_LEVEL = "-Onone";
        SWIFT_VERSION = 5.0;
        TARGETED_DEVICE_FAMILY = "1,2";
      };
      name = Debug;
    };
    5C361BF97E208D4A /* Release */ = {
      isa = XCBuildConfiguration;
      buildSettings = {
        ALWAYS_SEARCH_USER_PATHS = NO;
        ASSETCATALOG_COMPILER_APPICON_NAME = AppIcon;
        ASSETCATALOG_COMPILER_GLOBAL_ACCENT_COLOR_NAME = AccentColor;
        CLANG_ANALYZER_NONNULL = YES;
        CLANG_ANALYZER_NUMBER_OBJECT_CONVERSION = YES_AGGRESSIVE;
        CLANG_CXX_LANGUAGE_STANDARD = "gnu++20";
        CLANG_ENABLE_MODULES = YES;
        CLANG_ENABLE_OBJC_ARC = YES;
        CLANG_ENABLE_OBJC_WEAK = YES;
        CODE_SIGN_STYLE = Automatic;
        COPY_PHASE_STRIP = NO;
        CURRENT_PROJECT_VERSION = 1;
        DEVELOPMENT_ASSET_PATHS = "";
        DEVELOPMENT_TEAM = "";
        ENABLE_NS_ASSERTIONS = NO;
        ENABLE_PREVIEWS = YES;
        ENABLE_STRICT_OBJC_MSGSEND = YES;
        FRAMEWORK_SEARCH_PATHS = (
          "$(inherited)",
          "$(SDKROOT)/System/Library/Frameworks"
        );
        GCC_C_LANGUAGE_STANDARD = gnu11;
        GCC_NO_COMMON_BLOCKS = YES;
        GENERATE_INFOPLIST_FILE = YES;
        INFOPLIST_KEY_UIApplicationSceneManifest_Generation = YES;
        INFOPLIST_KEY_UILaunchScreen_Generation = YES;
        IPHONEOS_DEPLOYMENT_TARGET = 15.0;
        LD_RUNPATH_SEARCH_PATHS = (
          "$(inherited)",
          "@executable_path/Frameworks",
        );
        MARKETING_VERSION = 1.0;
        MTL_ENABLE_DEBUG_INFO = NO;
        MTL_FAST_MATH = YES;
        PRODUCT_BUNDLE_IDENTIFIER = "com.example.designfollowingdetails";
        PRODUCT_NAME = "$(TARGET_NAME)";
        SDKROOT = iphoneos;
        SUPPORTED_PLATFORMS = "iphoneos iphonesimulator";
        SUPPORTS_MACCATALYST = NO;
        SUPPORTS_MAC_DESIGNED_FOR_IPHONE_IPAD = NO;
        SWIFT_COMPILATION_MODE = wholemodule;
        SWIFT_EMIT_LOC_STRINGS = YES;
        SWIFT_OPTIMIZATION_LEVEL = "-O";
        SWIFT_VERSION = 5.0;
        TARGETED_DEVICE_FAMILY = "1,2";
        VALIDATE_PRODUCT = YES;
      };
      name = Release;
    };
    3ED6A17B825C094F /* Debug */ = {
      isa = XCBuildConfiguration;
      buildSettings = {
        BUNDLE_LOADER = "$(TEST_HOST)";
        CODE_SIGN_STYLE = Automatic;
        CURRENT_PROJECT_VERSION = 1;
        GENERATE_INFOPLIST_FILE = YES;
        IPHONEOS_DEPLOYMENT_TARGET = 15.0;
        MARKETING_VERSION = 1.0;
        PRODUCT_BUNDLE_IDENTIFIER = "com.example.designfollowingdetails.Tests";
        PRODUCT_NAME = "$(TARGET_NAME)";
        SDKROOT = iphoneos;
        SUPPORTED_PLATFORMS = "iphoneos iphonesimulator";
        SUPPORTS_MACCATALYST = NO;
        SUPPORTS_MAC_DESIGNED_FOR_IPHONE_IPAD = NO;
        SWIFT_EMIT_LOC_STRINGS = NO;
        SWIFT_VERSION = 5.0;
        TARGETED_DEVICE_FAMILY = "1,2";
        TEST_HOST = "$(BUILT_PRODUCTS_DIR)/DesignFollowingDetails.app/$(BUNDLE_EXECUTABLE_FOLDER_PATH)/DesignFollowingDetails";
      };
      name = Debug;
    };
    EC05194F27386BAD /* Release */ = {
      isa = XCBuildConfiguration;
      buildSettings = {
        BUNDLE_LOADER = "$(TEST_HOST)";
        CODE_SIGN_STYLE = Automatic;
        CURRENT_PROJECT_VERSION = 1;
        GENERATE_INFOPLIST_FILE = YES;
        IPHONEOS_DEPLOYMENT_TARGET = 15.0;
        MARKETING_VERSION = 1.0;
        PRODUCT_BUNDLE_IDENTIFIER = "com.example.designfollowingdetails.Tests";
        PRODUCT_NAME = "$(TARGET_NAME)";
        SDKROOT = iphoneos;
        SUPPORTED_PLATFORMS = "iphoneos iphonesimulator";
        SUPPORTS_MACCATALYST = NO;
        SUPPORTS_MAC_DESIGNED_FOR_IPHONE_IPAD = NO;
        SWIFT_EMIT_LOC_STRINGS = NO;
        SWIFT_VERSION = 5.0;
        TARGETED_DEVICE_FAMILY = "1,2";
        TEST_HOST = "$(BUILT_PRODUCTS_DIR)/DesignFollowingDetails.app/$(BUNDLE_EXECUTABLE_FOLDER_PATH)/DesignFollowingDetails";
        VALIDATE_PRODUCT = YES;
      };
      name = Release;
    };
    F308D715E4CB26A9 /* Debug */ = {
      isa = XCBuildConfiguration;
      buildSettings = {
        CODE_SIGN_STYLE = Automatic;
        CURRENT_PROJECT_VERSION = 1;
        GENERATE_INFOPLIST_FILE = YES;
        MARKETING_VERSION = 1.0;
        PRODUCT_BUNDLE_IDENTIFIER = "com.example.designfollowingdetails.UITests";
        PRODUCT_NAME = "$(TARGET_NAME)";
        SDKROOT = iphoneos;
        SUPPORTED_PLATFORMS = "iphoneos iphonesimulator";
        SUPPORTS_MACCATALYST = NO;
        SUPPORTS_MAC_DESIGNED_FOR_IPHONE_IPAD = NO;
        SWIFT_EMIT_LOC_STRINGS = NO;
        SWIFT_VERSION = 5.0;
        TARGETED_DEVICE_FAMILY = "1,2";
        TEST_TARGET_NAME = DesignFollowingDetails;
      };
      name = Debug;
    };
    C42869AED01F35B7 /* Release */ = {
      isa = XCBuildConfiguration;
      buildSettings = {
        CODE_SIGN_STYLE = Automatic;
        CURRENT_PROJECT_VERSION = 1;
        GENERATE_INFOPLIST_FILE = YES;
        MARKETING_VERSION = 1.0;
        PRODUCT_BUNDLE_IDENTIFIER = "com.example.designfollowingdetails.UITests";
        PRODUCT_NAME = "$(TARGET_NAME)";
        SDKROOT = iphoneos;
        SUPPORTED_PLATFORMS = "iphoneos iphonesimulator";
        SUPPORTS_MACCATALYST = NO;
        SUPPORTS_MAC_DESIGNED_FOR_IPHONE_IPAD = NO;
        SWIFT_EMIT_LOC_STRINGS = NO;
        SWIFT_VERSION = 5.0;
        TARGETED_DEVICE_FAMILY = "1,2";
        TEST_TARGET_NAME = DesignFollowingDetails;
        VALIDATE_PRODUCT = YES;
      };
      name = Release;
    };
    /* End XCBuildConfiguration section */

    /* Begin XCConfigurationList section */
    601958E4FBC72AD3 /* Build configuration list for PBXProject "DesignFollowingDetails" */ = {
      isa = XCConfigurationList;
      buildConfigurations = (
        2805AC3D7E9FB641 /* Debug */,
        5C361BF97E208D4A /* Release */
      );
      defaultConfigurationIsVisible = 0;
      defaultConfigurationName = Release;
    };
    0E81F23BA459DC76 /* Build configuration list for PBXNativeTarget "DesignFollowingDetails" */ = {
      isa = XCConfigurationList;
      buildConfigurations = (
        2805AC3D7E9FB641 /* Debug */,
        5C361BF97E208D4A /* Release */
      );
      defaultConfigurationIsVisible = 0;
      defaultConfigurationName = Release;
    };
    75D92AF106EB834C /* Build configuration list for PBXNativeTarget "DesignFollowingDetailsTests" */ = {
      isa = XCConfigurationList;
      buildConfigurations = (
        3ED6A17B825C094F /* Debug */,
        EC05194F27386BAD /* Release */
      );
      defaultConfigurationIsVisible = 0;
      defaultConfigurationName = Release;
    };
    32154AC07FD89BE6 /* Build configuration list for PBXNativeTarget "DesignFollowingDetailsUITests" */ = {
      isa = XCConfigurationList;
      buildConfigurations = (
        F308D715E4CB26A9 /* Debug */,
        C42869AED01F35B7 /* Release */
      );
      defaultConfigurationIsVisible = 0;
      defaultConfigurationName = Release;
    };
    /* End XCConfigurationList section */

  };
  rootObject = 0812D9BA34CF576E /* Project object */;
}
