// !$*UTF8*$!
{
  archiveVersion = 1;
  classes = {
  };
  objectVersion = 56;
  objects = {

    /* Begin PBXBuildFile section */
    F30B5AD8C94E6127 /* EventSyncProApp.swift in Sources */ = {isa = PBXBuildFile; fileRef = 7A90E1D53F482C6B; };
    86B071239CD54EAF /* Event.swift in Sources */ = {isa = PBXBuildFile; fileRef = 2B58A7D394E106CF; };
    BCE87AD96543F210 /* Room.swift in Sources */ = {isa = PBXBuildFile; fileRef = 1DE5BC470F3A2698; };
    0FE1D789BC4235A6 /* User.swift in Sources */ = {isa = PBXBuildFile; fileRef = EA71529C3604F8DB; };
    0FA638B5729ED1C4 /* EventManager.swift in Sources */ = {isa = PBXBuildFile; fileRef = 876F594CA32DB10E; };
    70DEB653CAF94281 /* RoomManager.swift in Sources */ = {isa = PBXBuildFile; fileRef = 76F3BA8D9CE50412; };
    39E48C6071F2DB5A /* UserManager.swift in Sources */ = {isa = PBXBuildFile; fileRef = 17DFA3CE4906582B; };
    CF50AE14D2367B89 /* ContentView.swift in Sources */ = {isa = PBXBuildFile; fileRef = 86A017DE54B392CF; };
    DF5A432C86E109B7 /* DashboardView.swift in Sources */ = {isa = PBXBuildFile; fileRef = 5901FDC8BA27346E; };
    61C8752D0FA94E3B /* ScheduleView.swift in Sources */ = {isa = PBXBuildFile; fileRef = 97D3BEF58A0C2461; };
    F8765DEAB439C210 /* AddEventView.swift in Sources */ = {isa = PBXBuildFile; fileRef = 43F97582B16CAE0D; };
    F061BD48A3927CE5 /* RoomStatusView.swift in Sources */ = {isa = PBXBuildFile; fileRef = C94673BEF5280AD1; };
    016A89E532CB7FD4 /* README.md in Sources */ = {isa = PBXBuildFile; fileRef = B26F3DE8714059CA; };
    07D9B1852C46A3FE /* GoogleService-Info.plist in Sources */ = {isa = PBXBuildFile; fileRef = FA4329105B7C6D8E; };
    EF2B6387A15D490C /* LocalEventManager.swift in Sources */ = {isa = PBXBuildFile; fileRef = B46FA9132CD87E50; };
    3FC012BD968475AE /* LocalUserManager.swift in Sources */ = {isa = PBXBuildFile; fileRef = 01ACFE9852D6B743; };
    47A839B526D1F0EC /* LocalRoomManager.swift in Sources */ = {isa = PBXBuildFile; fileRef = 6D9F0C83B7E1A542; };
    14E230F9CDA8B576 /* LocalModels.swift in Sources */ = {isa = PBXBuildFile; fileRef = 3B4579C2F61D8A0E; };
    D5B4C83F9A27610E /* LocalEvent.swift in Sources */ = {isa = PBXBuildFile; fileRef = E0A6CF4BD1578932; };
    30D192F4E67CB5A8 /* LocalRoom.swift in Sources */ = {isa = PBXBuildFile; fileRef = ED045C31A6F8927B; };
    E564B32CD1789A0F /* LocalUser.swift in Sources */ = {isa = PBXBuildFile; fileRef = 27A634FEB0D58C91; };
    08EF145B72A369CD /* LoginView.swift in Sources */ = {isa = PBXBuildFile; fileRef = 325A617ECB098F4D; };
    95748E3D26AF1B0C /* StaffView.swift in Sources */ = {isa = PBXBuildFile; fileRef = 36F9E15D74B20AC8; };
    81B395D6F427EC0A /* SettingsView.swift in Sources */ = {isa = PBXBuildFile; fileRef = 42B908FA7ED5631C; };
    BE1978C540FA326D /* DesignFollowingDetailsTests.swift in Sources */ = {isa = PBXBuildFile; fileRef = F43825D6710EA9CB; };
    68CB927F310EAD45 /* DesignFollowingDetailsUITests.swift in Sources */ = {isa = PBXBuildFile; fileRef = 3A8692B517CE4D0F; };
    71045ED2FB938CA6 /* SwiftUI.framework in Frameworks */ = {isa = PBXBuildFile; fileRef = B1ECD6029347AF85; };
    /* End PBXBuildFile section */

    /* Begin PBXFileReference section */
    0318D9F465E7BA2C /* DesignFollowingDetails.app */ = {isa = PBXFileReference; explicitFileType = wrapper.application; includeInIndex = 0; path = "DesignFollowingDetails.app"; sourceTree = BUILT_PRODUCTS_DIR; };
    7A90E1D53F482C6B /* EventSyncProApp.swift */ = {isa = PBXFileReference; lastKnownFileType = sourcecode.swift; path = "EventSyncProApp.swift"; sourceTree = "<group>"; };
    2B58A7D394E106CF /* Event.swift */ = {isa = PBXFileReference; lastKnownFileType = sourcecode.swift; path = "Event.swift"; sourceTree = "<group>"; };
    1DE5BC470F3A2698 /* Room.swift */ = {isa = PBXFileReference; lastKnownFileType = sourcecode.swift; path = "Room.swift"; sourceTree = "<group>"; };
    EA71529C3604F8DB /* User.swift */ = {isa = PBXFileReference; lastKnownFileType = sourcecode.swift; path = "User.swift"; sourceTree = "<group>"; };
    876F594CA32DB10E /* EventManager.swift */ = {isa = PBXFileReference; lastKnownFileType = sourcecode.swift; path = "EventManager.swift"; sourceTree = "<group>"; };
    76F3BA8D9CE50412 /* RoomManager.swift */ = {isa = PBXFileReference; lastKnownFileType = sourcecode.swift; path = "RoomManager.swift"; sourceTree = "<group>"; };
    17DFA3CE4906582B /* UserManager.swift */ = {isa = PBXFileReference; lastKnownFileType = sourcecode.swift; path = "UserManager.swift"; sourceTree = "<group>"; };
    86A017DE54B392CF /* ContentView.swift */ = {isa = PBXFileReference; lastKnownFileType = sourcecode.swift; path = "ContentView.swift"; sourceTree = "<group>"; };
    5901FDC8BA27346E /* DashboardView.swift */ = {isa = PBXFileReference; lastKnownFileType = sourcecode.swift; path = "DashboardView.swift"; sourceTree = "<group>"; };
    97D3BEF58A0C2461 /* ScheduleView.swift */ = {isa = PBXFileReference; lastKnownFileType = sourcecode.swift; path = "ScheduleView.swift"; sourceTree = "<group>"; };
    43F97582B16CAE0D /* AddEventView.swift */ = {isa = PBXFileReference; lastKnownFileType = sourcecode.swift; path = "AddEventView.swift"; sourceTree = "<group>"; };
    C94673BEF5280AD1 /* RoomStatusView.swift */ = {isa = PBXFileReference; lastKnownFileType = sourcecode.swift; path = "RoomStatusView.swift"; sourceTree = "<group>"; };
    B26F3DE8714059CA /* README.md */ = {isa = PBXFileReference; lastKnownFileType = text.markdown; path = "README.md"; sourceTree = "<group>"; };
    FA4329105B7C6D8E /* GoogleService-Info.plist */ = {isa = PBXFileReference; lastKnownFileType = text.plist.xml; path = "GoogleService-Info.plist"; sourceTree = "<group>"; };
    B46FA9132CD87E50 /* LocalEventManager.swift */ = {isa = PBXFileReference; lastKnownFileType = sourcecode.swift; path = "LocalEventManager.swift"; sourceTree = "<group>"; };
    01ACFE9852D6B743 /* LocalUserManager.swift */ = {isa = PBXFileReference; lastKnownFileType = sourcecode.swift; path = "LocalUserManager.swift"; sourceTree = "<group>"; };
    6D9F0C83B7E1A542 /* LocalRoomManager.swift */ = {isa = PBXFileReference; lastKnownFileType = sourcecode.swift; path = "LocalRoomManager.swift"; sourceTree = "<group>"; };
    3B4579C2F61D8A0E /* LocalModels.swift */ = {isa = PBXFileReference; lastKnownFileType = sourcecode.swift; path = "LocalModels.swift"; sourceTree = "<group>"; };
    E0A6CF4BD1578932 /* LocalEvent.swift */ = {isa = PBXFileReference; lastKnownFileType = sourcecode.swift; path = "LocalEvent.swift"; sourceTree = "<group>"; };
    ED045C31A6F8927B /* LocalRoom.swift */ = {isa = PBXFileReference; lastKnownFileType = sourcecode.swift; path = "LocalRoom.swift"; sourceTree = "<group>"; };
    27A634FEB0D58C91 /* LocalUser.swift */ = {isa = PBXFileReference; lastKnownFileType = sourcecode.swift; path = "LocalUser.swift"; sourceTree = "<group>"; };
    325A617ECB098F4D /* LoginView.swift */ = {isa = PBXFileReference; lastKnownFileType = sourcecode.swift; path = "LoginView.swift"; sourceTree = "<group>"; };
    36F9E15D74B20AC8 /* StaffView.swift */ = {isa = PBXFileReference; lastKnownFileType = sourcecode.swift; path = "StaffView.swift"; sourceTree = "<group>"; };
    42B908FA7ED5631C /* SettingsView.swift */ = {isa = PBXFileReference; lastKnownFileType = sourcecode.swift; path = "SettingsView.swift"; sourceTree = "<group>"; };
    F43825D6710EA9CB /* DesignFollowingDetailsTests.swift */ = {isa = PBXFileReference; lastKnownFileType = sourcecode.swift; path = "DesignFollowingDetailsTests.swift"; sourceTree = "<group>"; };
    3A8692B517CE4D0F /* DesignFollowingDetailsUITests.swift */ = {isa = PBXFileReference; lastKnownFileType = sourcecode.swift; path = "DesignFollowingDetailsUITests.swift"; sourceTree = "<group>"; };
    73EF0DBA481C9526 /* DesignFollowingDetailsTests.xctest */ = {isa = PBXFileReference; explicitFileType = wrapper.cfbundle; includeInIndex = 0; path = "DesignFollowingDetailsTests.xctest"; sourceTree = BUILT_PRODUCTS_DIR; };
    9B43A5CE2871F06D /* DesignFollowingDetailsUITests.xctest */ = {isa = PBXFileReference; explicitFileType = wrapper.cfbundle; includeInIndex = 0; path = "DesignFollowingDetailsUITests.xctest"; sourceTree = BUILT_PRODUCTS_DIR; };
    B1ECD6029347AF85 /* SwiftUI.framework */ = {isa = PBXFileReference; lastKnownFileType = wrapper.framework; name = SwiftUI.framework; path = System/Library/Frameworks/SwiftUI.framework; sourceTree = SDKROOT; };
    /* End PBXFileReference section */

    /* Begin PBXFrameworksBuildPhase section */
    E901AB8F53462CD7 /* Frameworks */ = {
      isa = PBXFrameworksBuildPhase;
      buildActionMask = 2147483647;
      files = (
        71045ED2FB938CA6 /* SwiftUI.framework in Frameworks */
      );
      runOnlyForDeploymentPostprocessing = 0;
    };
    C8071DB3F5A6429E /* Frameworks */ = {
      isa = PBXFrameworksBuildPhase;
      buildActionMask = 2147483647;
      files = (
      );
      runOnlyForDeploymentPostprocessing = 0;
    };
    0E8DB159FC6A2437 /* Frameworks */ = {
      isa = PBXFrameworksBuildPhase;
      buildActionMask = 2147483647;
      files = (
      );
      runOnlyForDeploymentPostprocessing = 0;
    };
    /* End PBXFrameworksBuildPhase section */

    /* Begin PBXGroup section */
    C8AB9432E61D05F7 /* Main Group */ = {
      isa = PBXGroup;
      children = (
        40326DBA9F57E81C /* DesignFollowingDetails */,
        051BAF842E73D6C9 /* DesignFollowingDetailsTests */,
        9AE708B53D1F24C6 /* DesignFollowingDetailsUITests */,
        476382D1E0C5B9FA /* Products */
      );
      sourceTree = "<group>";
    };
    40326DBA9F57E81C /* DesignFollowingDetails */ = {
      isa = PBXGroup;
      children = (
        D170E35A869B24CF,
        72953B0684DECF1A,
        7E0DF912346B85AC,
        7A90E1D53F482C6B,
        2B58A7D394E106CF,
        1DE5BC470F3A2698,
        EA71529C3604F8DB,
        876F594CA32DB10E,
        76F3BA8D9CE50412,
        17DFA3CE4906582B,
        86A017DE54B392CF,
        5901FDC8BA27346E,
        97D3BEF58A0C2461,
        43F97582B16CAE0D,
        B26F3DE8714059CA,
        FA4329105B7C6D8E,
        3B4579C2F61D8A0E
      );
      path = "DesignFollowingDetails";
      sourceTree = "<group>";
    };
    
    D170E35A869B24CF /* Views */ = {
      isa = PBXGroup;
      children = (
        C94673BEF5280AD1,
        325A617ECB098F4D,
        36F9E15D74B20AC8,
        42B908FA7ED5631C
      );
      path = "Views";
      sourceTree = "<group>";
    };
    72953B0684DECF1A /* Managers */ = {
      isa = PBXGroup;
      children = (
        B46FA9132CD87E50,
        01ACFE9852D6B743,
        6D9F0C83B7E1A542
      );
      path = "Managers";
      sourceTree = "<group>";
    };
    7E0DF912346B85AC /* Models */ = {
      isa = PBXGroup;
      children = (
        E0A6CF4BD1578932,
        ED045C31A6F8927B,
        27A634FEB0D58C91
      );
      path = "Models";
      sourceTree = "<group>";
    };
    051BAF842E73D6C9 /* DesignFollowingDetailsTests */ = {
      isa = PBXGroup;
      children = (
        F43825D6710EA9CB /* DesignFollowingDetailsTests.swift */
      );
      path = "DesignFollowingDetailsTests";
      sourceTree = "<group>";
    };
    9AE708B53D1F24C6 /* DesignFollowingDetailsUITests */ = {
      isa = PBXGroup;
      children = (
        3A8692B517CE4D0F /* DesignFollowingDetailsUITests.swift */
      );
      path = "DesignFollowingDetailsUITests";
      sourceTree = "<group>";
    };
    476382D1E0C5B9FA /* Products */ = {
      isa = PBXGroup;
      children = (
        0318D9F465E7BA2C /* DesignFollowingDetails.app */,
        73EF0DBA481C9526 /* DesignFollowingDetailsTests.xctest */,
        9B43A5CE2871F06D /* DesignFollowingDetailsUITests.xctest */
      );
      name = Products;
      sourceTree = "<group>";
    };
    /* End PBXGroup section */

    /* Begin PBXNativeTarget section */
    6E7F21B593DAC480 /* DesignFollowingDetails */ = {
      isa = PBXNativeTarget;
      buildConfigurationList = A01F23456DBC7E98 /* Build configuration list for PBXNativeTarget "DesignFollowingDetails" */;
      buildPhases = (
        014A7EBCDF529683 /* Sources */,
        E901AB8F53462CD7 /* Frameworks */
      );
      buildRules = (
      );
      dependencies = (
      );
      name = "DesignFollowingDetails";
      productName = "DesignFollowingDetails";
      productReference = 0318D9F465E7BA2C /* DesignFollowingDetails.app */;
      productType = "com.apple.product-type.application";
    };
    C53692D1A874F0EB /* DesignFollowingDetailsTests */ = {
      isa = PBXNativeTarget;
      buildConfigurationList = CF78B130DA64295E /* Build configuration list for PBXNativeTarget "DesignFollowingDetailsTests" */;
      buildPhases = (
        21EBA4790385DF6C /* Sources */,
        C8071DB3F5A6429E /* Frameworks */
      );
      buildRules = (
      );
      dependencies = (
        12B7A6C8E590FD34 /* PBXTargetDependency */
      );
      name = "DesignFollowingDetailsTests";
      productName = "DesignFollowingDetailsTests";
      productReference = 73EF0DBA481C9526 /* DesignFollowingDetailsTests.xctest */;
      productType = "com.apple.product-type.bundle.unit-test";
    };
    70A68D23E1B945FC /* DesignFollowingDetailsUITests */ = {
      isa = PBXNativeTarget;
      buildConfigurationList = 93BAC1D76250F84E /* Build configuration list for PBXNativeTarget "DesignFollowingDetailsUITests" */;
      buildPhases = (
        1D9AB350E824F76C /* Sources */,
        0E8DB159FC6A2437 /* Frameworks */
      );
      buildRules = (
      );
      dependencies = (
        9D8A362C71E405FB /* PBXTargetDependency */
      );
      name = "DesignFollowingDetailsUITests";
      productName = "DesignFollowingDetailsUITests";
      productReference = 9B43A5CE2871F06D /* DesignFollowingDetailsUITests.xctest */;
      productType = "com.apple.product-type.bundle.ui-testing";
    };
    /* End PBXNativeTarget section */

    /* Begin PBXProject section */
    43F98521BA706ECD /* Project object */ = {
      isa = PBXProject;
      attributes = {
        LastSwiftUpdateCheck = 1500;
        LastUpgradeCheck = 1500;
        TargetAttributes = {
          6E7F21B593DAC480 = {
            CreatedOnToolsVersion = 15.0;
          };
          C53692D1A874F0EB = {
            CreatedOnToolsVersion = 15.0;
            TestTargetID = 6E7F21B593DAC480;
          };
          70A68D23E1B945FC = {
            CreatedOnToolsVersion = 15.0;
            TestTargetID = 6E7F21B593DAC480;
          };
        };
      };
      buildConfigurationList = 6FCE59283A1B407D /* Build configuration list for PBXProject "DesignFollowingDetails" */;
      compatibilityVersion = "Xcode 14.0";
      developmentRegion = en;
      hasScannedForEncodings = 0;
      knownRegions = (
        en,
        Base
      );
      mainGroup = C8AB9432E61D05F7;
      productRefGroup = 476382D1E0C5B9FA /* Products */;
      projectDirPath = "";
      projectRoot = "";
      targets = (
        6E7F21B593DAC480 /* DesignFollowingDetails */,
        C53692D1A874F0EB /* DesignFollowingDetailsTests */,
        70A68D23E1B945FC /* DesignFollowingDetailsUITests */
      );
    };
    /* End PBXProject section */

    /* Begin PBXSourcesBuildPhase section */
    014A7EBCDF529683 /* Sources */ = {
      isa = PBXSourcesBuildPhase;
      buildActionMask = 2147483647;
      files = (
        F30B5AD8C94E6127,
        86B071239CD54EAF,
        BCE87AD96543F210,
        0FE1D789BC4235A6,
        0FA638B5729ED1C4,
        70DEB653CAF94281,
        39E48C6071F2DB5A,
        CF50AE14D2367B89,
        DF5A432C86E109B7,
        61C8752D0FA94E3B,
        F8765DEAB439C210,
        F061BD48A3927CE5,
        016A89E532CB7FD4,
        07D9B1852C46A3FE,
        EF2B6387A15D490C,
        3FC012BD968475AE,
        47A839B526D1F0EC,
        14E230F9CDA8B576,
        D5B4C83F9A27610E,
        30D192F4E67CB5A8,
        E564B32CD1789A0F,
        08EF145B72A369CD,
        95748E3D26AF1B0C,
        81B395D6F427EC0A
      );
      runOnlyForDeploymentPostprocessing = 0;
    };
    21EBA4790385DF6C /* Sources */ = {
      isa = PBXSourcesBuildPhase;
      buildActionMask = 2147483647;
      files = (
        BE1978C540FA326D /* DesignFollowingDetailsTests.swift in Sources */
      );
      runOnlyForDeploymentPostprocessing = 0;
    };
    1D9AB350E824F76C /* Sources */ = {
      isa = PBXSourcesBuildPhase;
      buildActionMask = 2147483647;
      files = (
        68CB927F310EAD45 /* DesignFollowingDetailsUITests.swift in Sources */
      );
      runOnlyForDeploymentPostprocessing = 0;
    };
    /* End PBXSourcesBuildPhase section */

    /* Begin PBXContainerItemProxy section */
    70DA18FB24E3C659 /* PBXContainerItemProxy */ = {
      isa = PBXContainerItemProxy;
      containerPortal = 43F98521BA706ECD /* Project object */;
      proxyType = 1;
      remoteGlobalIDString = 6E7F21B593DAC480;
      remoteInfo = "DesignFollowingDetails";
    };
    B4C3A9F52D781E06 /* PBXContainerItemProxy */ = {
      isa = PBXContainerItemProxy;
      containerPortal = 43F98521BA706ECD /* Project object */;
      proxyType = 1;
      remoteGlobalIDString = 6E7F21B593DAC480;
      remoteInfo = "DesignFollowingDetails";
    };
    /* End PBXContainerItemProxy section */

    /* Begin PBXTargetDependency section */
    12B7A6C8E590FD34 /* PBXTargetDependency */ = {
      isa = PBXTargetDependency;
      target = 6E7F21B593DAC480 /* DesignFollowingDetails */;
      targetProxy = 70DA18FB24E3C659 /* PBXContainerItemProxy */;
    };
    9D8A362C71E405FB /* PBXTargetDependency */ = {
      isa = PBXTargetDependency;
      target = 6E7F21B593DAC480 /* DesignFollowingDetails */;
      targetProxy = B4C3A9F52D781E06 /* PBXContainerItemProxy */;
    };
    /* End PBXTargetDependency section */

    /* Begin XCBuildConfiguration section */
    3074B215DCF96A8E /* Debug */ = {
      isa = XCBuildConfiguration;
      buildSettings = {
        ALWAYS_SEARCH_USER_PATHS = NO;
        ASSETCATALOG_COMPILER_APPICON_NAME = AppIcon;
        ASSETCATALOG_COMPILER_GLOBAL_ACCENT_COLOR_NAME = AccentColor;
        CLANG_ANALYZER_NONNULL = YES;
        CLANG_ANALYZER_NUMBER_OBJECT_CONVERSION = YES_AGGRESSIVE;
        CLANG_CXX_LANGUAGE_STANDARD = "gnu++20";
        CLANG_ENABLE_MODULES = YES;
        CLANG_ENABLE_OBJC_ARC = YES;
        CLANG_ENABLE_OBJC_WEAK = YES;
        CODE_SIGN_STYLE = Automatic;
        CURRENT_PROJECT_VERSION = 1;
        DEVELOPMENT_ASSET_PATHS = "";
        DEVELOPMENT_TEAM = "";
        ENABLE_PREVIEWS = YES;
        ENABLE_STRICT_OBJC_MSGSEND = YES;
        ENABLE_TESTABILITY = YES;
        FRAMEWORK_SEARCH_PATHS = (
          "$(inherited)",
          "$(SDKROOT)/System/Library/Frameworks"
        );
        GCC_C_LANGUAGE_STANDARD = gnu11;
        GCC_DYNAMIC_NO_PIC = NO;
        GCC_NO_COMMON_BLOCKS = YES;
        GCC_OPTIMIZATION_LEVEL = 0;
        GCC_PREPROCESSOR_DEFINITIONS = (
          "DEBUG=1",
          "$(inherited)",
        );
        GENERATE_INFOPLIST_FILE = YES;
        INFOPLIST_KEY_UIApplicationSceneManifest_Generation = YES;
        INFOPLIST_KEY_UILaunchScreen_Generation = YES;
        IPHONEOS_DEPLOYMENT_TARGET = 15.0;
        LD_RUNPATH_SEARCH_PATHS = (
          "$(inherited)",
          "@executable_path/Frameworks",
        );
        MARKETING_VERSION = 1.0;
        MTL_ENABLE_DEBUG_INFO = INCLUDE_SOURCE;
        MTL_FAST_MATH = YES;
        ONLY_ACTIVE_ARCH = YES;
        PRODUCT_BUNDLE_IDENTIFIER = "com.example.designfollowingdetails";
        PRODUCT_NAME = "$(TARGET_NAME)";
        SDKROOT = iphoneos;
        SUPPORTED_PLATFORMS = "iphoneos iphonesimulator";
        SUPPORTS_MACCATALYST = NO;
        SUPPORTS_MAC_DESIGNED_FOR_IPHONE_IPAD = NO;
        SWIFT_ACTIVE_COMPILATION_CONDITIONS = DEBUG;
        SWIFT_EMIT_LOC_STRINGS = YES;
        SWIFT_OPTIMIZATION_LEVEL = "-Onone";
        SWIFT_VERSION = 5.0;
        TARGETED_DEVICE_FAMILY = "1,2";
      };
      name = Debug;
    };
    0EFB1AD92584C673 /* Release */ = {
      isa = XCBuildConfiguration;
      buildSettings = {
        ALWAYS_SEARCH_USER_PATHS = NO;
        ASSETCATALOG_COMPILER_APPICON_NAME = AppIcon;
        ASSETCATALOG_COMPILER_GLOBAL_ACCENT_COLOR_NAME = AccentColor;
        CLANG_ANALYZER_NONNULL = YES;
        CLANG_ANALYZER_NUMBER_OBJECT_CONVERSION = YES_AGGRESSIVE;
        CLANG_CXX_LANGUAGE_STANDARD = "gnu++20";
        CLANG_ENABLE_MODULES = YES;
        CLANG_ENABLE_OBJC_ARC = YES;
        CLANG_ENABLE_OBJC_WEAK = YES;
        CODE_SIGN_STYLE = Automatic;
        COPY_PHASE_STRIP = NO;
        CURRENT_PROJECT_VERSION = 1;
        DEVELOPMENT_ASSET_PATHS = "";
        DEVELOPMENT_TEAM = "";
        ENABLE_NS_ASSERTIONS = NO;
        ENABLE_PREVIEWS = YES;
        ENABLE_STRICT_OBJC_MSGSEND = YES;
        FRAMEWORK_SEARCH_PATHS = (
          "$(inherited)",
          "$(SDKROOT)/System/Library/Frameworks"
        );
        GCC_C_LANGUAGE_STANDARD = gnu11;
        GCC_NO_COMMON_BLOCKS = YES;
        GENERATE_INFOPLIST_FILE = YES;
        INFOPLIST_KEY_UIApplicationSceneManifest_Generation = YES;
        INFOPLIST_KEY_UILaunchScreen_Generation = YES;
        IPHONEOS_DEPLOYMENT_TARGET = 15.0;
        LD_RUNPATH_SEARCH_PATHS = (
          "$(inherited)",
          "@executable_path/Frameworks",
        );
        MARKETING_VERSION = 1.0;
        MTL_ENABLE_DEBUG_INFO = NO;
        MTL_FAST_MATH = YES;
        PRODUCT_BUNDLE_IDENTIFIER = "com.example.designfollowingdetails";
        PRODUCT_NAME = "$(TARGET_NAME)";
        SDKROOT = iphoneos;
        SUPPORTED_PLATFORMS = "iphoneos iphonesimulator";
        SUPPORTS_MACCATALYST = NO;
        SUPPORTS_MAC_DESIGNED_FOR_IPHONE_IPAD = NO;
        SWIFT_COMPILATION_MODE = wholemodule;
        SWIFT_EMIT_LOC_STRINGS = YES;
        SWIFT_OPTIMIZATION_LEVEL = "-O";
        SWIFT_VERSION = 5.0;
        TARGETED_DEVICE_FAMILY = "1,2";
        VALIDATE_PRODUCT = YES;
      };
      name = Release;
    };
    7BF219E3DCA85406 /* Debug */ = {
      isa = XCBuildConfiguration;
      buildSettings = {
        BUNDLE_LOADER = "$(TEST_HOST)";
        CODE_SIGN_STYLE = Automatic;
        CURRENT_PROJECT_VERSION = 1;
        GENERATE_INFOPLIST_FILE = YES;
        IPHONEOS_DEPLOYMENT_TARGET = 15.0;
        MARKETING_VERSION = 1.0;
        PRODUCT_BUNDLE_IDENTIFIER = "com.example.designfollowingdetails.Tests";
        PRODUCT_NAME = "$(TARGET_NAME)";
        SDKROOT = iphoneos;
        SUPPORTED_PLATFORMS = "iphoneos iphonesimulator";
        SUPPORTS_MACCATALYST = NO;
        SUPPORTS_MAC_DESIGNED_FOR_IPHONE_IPAD = NO;
        SWIFT_EMIT_LOC_STRINGS = NO;
        SWIFT_VERSION = 5.0;
        TARGETED_DEVICE_FAMILY = "1,2";
        TEST_HOST = "$(BUILT_PRODUCTS_DIR)/DesignFollowingDetails.app/$(BUNDLE_EXECUTABLE_FOLDER_PATH)/DesignFollowingDetails";
      };
      name = Debug;
    };
    AC5E382167940DFB /* Release */ = {
      isa = XCBuildConfiguration;
      buildSettings = {
        BUNDLE_LOADER = "$(TEST_HOST)";
        CODE_SIGN_STYLE = Automatic;
        CURRENT_PROJECT_VERSION = 1;
        GENERATE_INFOPLIST_FILE = YES;
        IPHONEOS_DEPLOYMENT_TARGET = 15.0;
        MARKETING_VERSION = 1.0;
        PRODUCT_BUNDLE_IDENTIFIER = "com.example.designfollowingdetails.Tests";
        PRODUCT_NAME = "$(TARGET_NAME)";
        SDKROOT = iphoneos;
        SUPPORTED_PLATFORMS = "iphoneos iphonesimulator";
        SUPPORTS_MACCATALYST = NO;
        SUPPORTS_MAC_DESIGNED_FOR_IPHONE_IPAD = NO;
        SWIFT_EMIT_LOC_STRINGS = NO;
        SWIFT_VERSION = 5.0;
        TARGETED_DEVICE_FAMILY = "1,2";
        TEST_HOST = "$(BUILT_PRODUCTS_DIR)/DesignFollowingDetails.app/$(BUNDLE_EXECUTABLE_FOLDER_PATH)/DesignFollowingDetails";
        VALIDATE_PRODUCT = YES;
      };
      name = Release;
    };
    D9A578432BF61C0E /* Debug */ = {
      isa = XCBuildConfiguration;
      buildSettings = {
        CODE_SIGN_STYLE = Automatic;
        CURRENT_PROJECT_VERSION = 1;
        GENERATE_INFOPLIST_FILE = YES;
        MARKETING_VERSION = 1.0;
        PRODUCT_BUNDLE_IDENTIFIER = "com.example.designfollowingdetails.UITests";
        PRODUCT_NAME = "$(TARGET_NAME)";
        SDKROOT = iphoneos;
        SUPPORTED_PLATFORMS = "iphoneos iphonesimulator";
        SUPPORTS_MACCATALYST = NO;
        SUPPORTS_MAC_DESIGNED_FOR_IPHONE_IPAD = NO;
        SWIFT_EMIT_LOC_STRINGS = NO;
        SWIFT_VERSION = 5.0;
        TARGETED_DEVICE_FAMILY = "1,2";
        TEST_TARGET_NAME = DesignFollowingDetails;
      };
      name = Debug;
    };
    A7C19F2BE5843D06 /* Release */ = {
      isa = XCBuildConfiguration;
      buildSettings = {
        CODE_SIGN_STYLE = Automatic;
        CURRENT_PROJECT_VERSION = 1;
        GENERATE_INFOPLIST_FILE = YES;
        MARKETING_VERSION = 1.0;
        PRODUCT_BUNDLE_IDENTIFIER = "com.example.designfollowingdetails.UITests";
        PRODUCT_NAME = "$(TARGET_NAME)";
        SDKROOT = iphoneos;
        SUPPORTED_PLATFORMS = "iphoneos iphonesimulator";
        SUPPORTS_MACCATALYST = NO;
        SUPPORTS_MAC_DESIGNED_FOR_IPHONE_IPAD = NO;
        SWIFT_EMIT_LOC_STRINGS = NO;
        SWIFT_VERSION = 5.0;
        TARGETED_DEVICE_FAMILY = "1,2";
        TEST_TARGET_NAME = DesignFollowingDetails;
        VALIDATE_PRODUCT = YES;
      };
      name = Release;
    };
    /* End XCBuildConfiguration section */

    /* Begin XCConfigurationList section */
    6FCE59283A1B407D /* Build configuration list for PBXProject "DesignFollowingDetails" */ = {
      isa = XCConfigurationList;
      buildConfigurations = (
        3074B215DCF96A8E /* Debug */,
        0EFB1AD92584C673 /* Release */
      );
      defaultConfigurationIsVisible = 0;
      defaultConfigurationName = Release;
    };
    A01F23456DBC7E98 /* Build configuration list for PBXNativeTarget "DesignFollowingDetails" */ = {
      isa = XCConfigurationList;
      buildConfigurations = (
        3074B215DCF96A8E /* Debug */,
        0EFB1AD92584C673 /* Release */
      );
      defaultConfigurationIsVisible = 0;
      defaultConfigurationName = Release;
    };
    CF78B130DA64295E /* Build configuration list for PBXNativeTarget "DesignFollowingDetailsTests" */ = {
      isa = XCConfigurationList;
      buildConfigurations = (
        7BF219E3DCA85406 /* Debug */,
        AC5E382167940DFB /* Release */
      );
      defaultConfigurationIsVisible = 0;
      defaultConfigurationName = Release;
    };
    93BAC1D76250F84E /* Build configuration list for PBXNativeTarget "DesignFollowingDetailsUITests" */ = {
      isa = XCConfigurationList;
      buildConfigurations = (
        D9A578432BF61C0E /* Debug */,
        A7C19F2BE5843D06 /* Release */
      );
      defaultConfigurationIsVisible = 0;
      defaultConfigurationName = Release;
    };
    /* End XCConfigurationList section */

  };
  rootObject = 43F98521BA706ECD /* Project object */;
}
