// !$*UTF8*$!
{
  archiveVersion = 1;
  classes = {
  };
  objectVersion = 56;
  objects = {

    /* Begin PBXBuildFile section */
    FD432C71B059AE86 /* EventSyncProApp.swift in Sources */ = {isa = PBXBuildFile; fileRef = CF0D8127963BE4A5; };
    7BF041C9368EA25D /* Event.swift in Sources */ = {isa = PBXBuildFile; fileRef = 6C71FE095B23DA84; };
    6DA8B395E1072FC4 /* Room.swift in Sources */ = {isa = PBXBuildFile; fileRef = 23F87AB941605CED; };
    2B049D75A63F81CE /* User.swift in Sources */ = {isa = PBXBuildFile; fileRef = 1BE250AC48793D6F; };
    E35F60B4A1978D2C /* EventManager.swift in Sources */ = {isa = PBXBuildFile; fileRef = BA4017D3F85296CE; };
    CB02475FE9381DA6 /* RoomManager.swift in Sources */ = {isa = PBXBuildFile; fileRef = 56A93FD2018B74CE; };
    728D516EC9F30A4B /* UserManager.swift in Sources */ = {isa = PBXBuildFile; fileRef = 67ECA0F359D1842B; };
    6B532F41D098CAE7 /* ContentView.swift in Sources */ = {isa = PBXBuildFile; fileRef = 47BA130D26ECF859; };
    BF067915843C2ADE /* DashboardView.swift in Sources */ = {isa = PBXBuildFile; fileRef = AE0147FBDC652938; };
    BE06C49DF571A328 /* ScheduleView.swift in Sources */ = {isa = PBXBuildFile; fileRef = 2B39A7D1EF405C68; };
    EA3257CF681D094B /* AddEventView.swift in Sources */ = {isa = PBXBuildFile; fileRef = F0A129B3C48567ED; };
    2C4B57D3A68F109E /* RoomStatusView.swift in Sources */ = {isa = PBXBuildFile; fileRef = DB6A2EC9351F7480; };
    531E07DAC829FB46 /* README.md in Sources */ = {isa = PBXBuildFile; fileRef = CB4F7A05962E318D; };
    D259184306FAB7CE /* GoogleService-Info.plist in Sources */ = {isa = PBXBuildFile; fileRef = 73E8F0A1BD42965C; };
    2F1B89ADC705E463 /* LocalEventManager.swift in Sources */ = {isa = PBXBuildFile; fileRef = 62B9051EA748D3FC; };
    E5D06F972C1A4B38 /* LocalUserManager.swift in Sources */ = {isa = PBXBuildFile; fileRef = 2894E1BDA3705FC6; };
    3F5A7E0128B4DC96 /* LocalRoomManager.swift in Sources */ = {isa = PBXBuildFile; fileRef = D7F086C9B34A2E51; };
    0B187A24D5396CFE /* LocalModels.swift in Sources */ = {isa = PBXBuildFile; fileRef = 42B751A86C3FD90E; };
    D64975A2B3F8C1E0 /* LocalEvent.swift in Sources */ = {isa = PBXBuildFile; fileRef = CD43298150A7BEF6; };
    017D96B4C82FA35E /* LocalRoom.swift in Sources */ = {isa = PBXBuildFile; fileRef = F5743C8DEA0621B9; };
    A7B43E56D0128FC9 /* LocalUser.swift in Sources */ = {isa = PBXBuildFile; fileRef = DC7638B2104A59FE; };
    D95CB173F02A4E68 /* LoginView.swift in Sources */ = {isa = PBXBuildFile; fileRef = A43B65CF2781E9D0; };
    69B0381F4AD7EC25 /* StaffView.swift in Sources */ = {isa = PBXBuildFile; fileRef = AE903B1284D67F5C; };
    C6E23587A94FD0B1 /* SettingsView.swift in Sources */ = {isa = PBXBuildFile; fileRef = 73BE1490A52CD86F; };
    64D3C91F5BE0A827 /* DesignFollowingDetailsTests.swift in Sources */ = {isa = PBXBuildFile; fileRef = B38529CA4701FDE6; };
    05B8F731D29A4E6C /* DesignFollowingDetailsUITests.swift in Sources */ = {isa = PBXBuildFile; fileRef = 70A6B3D128495CFE; };
    F604A97B531C28DE /* SwiftUI.framework in Frameworks */ = {isa = PBXBuildFile; fileRef = BE54D9628C31AF70; };
    /* End PBXBuildFile section */

    /* Begin PBXFileReference section */
    A4B872DE631950FC /* DesignFollowingDetails.app */ = {isa = PBXFileReference; explicitFileType = wrapper.application; includeInIndex = 0; path = "DesignFollowingDetails.app"; sourceTree = BUILT_PRODUCTS_DIR; };
    CF0D8127963BE4A5 /* EventSyncProApp.swift */ = {isa = PBXFileReference; lastKnownFileType = sourcecode.swift; path = "EventSyncProApp.swift"; sourceTree = "<group>"; };
    6C71FE095B23DA84 /* Event.swift */ = {isa = PBXFileReference; lastKnownFileType = sourcecode.swift; path = "Event.swift"; sourceTree = "<group>"; };
    23F87AB941605CED /* Room.swift */ = {isa = PBXFileReference; lastKnownFileType = sourcecode.swift; path = "Room.swift"; sourceTree = "<group>"; };
    1BE250AC48793D6F /* User.swift */ = {isa = PBXFileReference; lastKnownFileType = sourcecode.swift; path = "User.swift"; sourceTree = "<group>"; };
    BA4017D3F85296CE /* EventManager.swift */ = {isa = PBXFileReference; lastKnownFileType = sourcecode.swift; path = "EventManager.swift"; sourceTree = "<group>"; };
    56A93FD2018B74CE /* RoomManager.swift */ = {isa = PBXFileReference; lastKnownFileType = sourcecode.swift; path = "RoomManager.swift"; sourceTree = "<group>"; };
    67ECA0F359D1842B /* UserManager.swift */ = {isa = PBXFileReference; lastKnownFileType = sourcecode.swift; path = "UserManager.swift"; sourceTree = "<group>"; };
    47BA130D26ECF859 /* ContentView.swift */ = {isa = PBXFileReference; lastKnownFileType = sourcecode.swift; path = "ContentView.swift"; sourceTree = "<group>"; };
    AE0147FBDC652938 /* DashboardView.swift */ = {isa = PBXFileReference; lastKnownFileType = sourcecode.swift; path = "DashboardView.swift"; sourceTree = "<group>"; };
    2B39A7D1EF405C68 /* ScheduleView.swift */ = {isa = PBXFileReference; lastKnownFileType = sourcecode.swift; path = "ScheduleView.swift"; sourceTree = "<group>"; };
    F0A129B3C48567ED /* AddEventView.swift */ = {isa = PBXFileReference; lastKnownFileType = sourcecode.swift; path = "AddEventView.swift"; sourceTree = "<group>"; };
    DB6A2EC9351F7480 /* RoomStatusView.swift */ = {isa = PBXFileReference; lastKnownFileType = sourcecode.swift; path = "RoomStatusView.swift"; sourceTree = "<group>"; };
    CB4F7A05962E318D /* README.md */ = {isa = PBXFileReference; lastKnownFileType = text.markdown; path = "README.md"; sourceTree = "<group>"; };
    73E8F0A1BD42965C /* GoogleService-Info.plist */ = {isa = PBXFileReference; lastKnownFileType = text.plist.xml; path = "GoogleService-Info.plist"; sourceTree = "<group>"; };
    62B9051EA748D3FC /* LocalEventManager.swift */ = {isa = PBXFileReference; lastKnownFileType = sourcecode.swift; path = "LocalEventManager.swift"; sourceTree = "<group>"; };
    2894E1BDA3705FC6 /* LocalUserManager.swift */ = {isa = PBXFileReference; lastKnownFileType = sourcecode.swift; path = "LocalUserManager.swift"; sourceTree = "<group>"; };
    D7F086C9B34A2E51 /* LocalRoomManager.swift */ = {isa = PBXFileReference; lastKnownFileType = sourcecode.swift; path = "LocalRoomManager.swift"; sourceTree = "<group>"; };
    42B751A86C3FD90E /* LocalModels.swift */ = {isa = PBXFileReference; lastKnownFileType = sourcecode.swift; path = "LocalModels.swift"; sourceTree = "<group>"; };
    CD43298150A7BEF6 /* LocalEvent.swift */ = {isa = PBXFileReference; lastKnownFileType = sourcecode.swift; path = "LocalEvent.swift"; sourceTree = "<group>"; };
    F5743C8DEA0621B9 /* LocalRoom.swift */ = {isa = PBXFileReference; lastKnownFileType = sourcecode.swift; path = "LocalRoom.swift"; sourceTree = "<group>"; };
    DC7638B2104A59FE /* LocalUser.swift */ = {isa = PBXFileReference; lastKnownFileType = sourcecode.swift; path = "LocalUser.swift"; sourceTree = "<group>"; };
    A43B65CF2781E9D0 /* LoginView.swift */ = {isa = PBXFileReference; lastKnownFileType = sourcecode.swift; path = "LoginView.swift"; sourceTree = "<group>"; };
    AE903B1284D67F5C /* StaffView.swift */ = {isa = PBXFileReference; lastKnownFileType = sourcecode.swift; path = "StaffView.swift"; sourceTree = "<group>"; };
    73BE1490A52CD86F /* SettingsView.swift */ = {isa = PBXFileReference; lastKnownFileType = sourcecode.swift; path = "SettingsView.swift"; sourceTree = "<group>"; };
    B38529CA4701FDE6 /* DesignFollowingDetailsTests.swift */ = {isa = PBXFileReference; lastKnownFileType = sourcecode.swift; path = "DesignFollowingDetailsTests.swift"; sourceTree = "<group>"; };
    70A6B3D128495CFE /* DesignFollowingDetailsUITests.swift */ = {isa = PBXFileReference; lastKnownFileType = sourcecode.swift; path = "DesignFollowingDetailsUITests.swift"; sourceTree = "<group>"; };
    90FABCD3E5176824 /* DesignFollowingDetailsTests.xctest */ = {isa = PBXFileReference; explicitFileType = wrapper.cfbundle; includeInIndex = 0; path = "DesignFollowingDetailsTests.xctest"; sourceTree = BUILT_PRODUCTS_DIR; };
    1F84567CBE3029DA /* DesignFollowingDetailsUITests.xctest */ = {isa = PBXFileReference; explicitFileType = wrapper.cfbundle; includeInIndex = 0; path = "DesignFollowingDetailsUITests.xctest"; sourceTree = BUILT_PRODUCTS_DIR; };
    BE54D9628C31AF70 /* SwiftUI.framework */ = {isa = PBXFileReference; lastKnownFileType = wrapper.framework; name = SwiftUI.framework; path = System/Library/Frameworks/SwiftUI.framework; sourceTree = SDKROOT; };
    /* End PBXFileReference section */

    /* Begin PBXFrameworksBuildPhase section */
    26478F0DC19A53EB /* Frameworks */ = {
      isa = PBXFrameworksBuildPhase;
      buildActionMask = 2147483647;
      files = (
        F604A97B531C28DE /* SwiftUI.framework in Frameworks */
      );
      runOnlyForDeploymentPostprocessing = 0;
    };
    96F57843BDC2A10E /* Frameworks */ = {
      isa = PBXFrameworksBuildPhase;
      buildActionMask = 2147483647;
      files = (
      );
      runOnlyForDeploymentPostprocessing = 0;
    };
    1D8C502764EA3FB9 /* Frameworks */ = {
      isa = PBXFrameworksBuildPhase;
      buildActionMask = 2147483647;
      files = (
      );
      runOnlyForDeploymentPostprocessing = 0;
    };
    /* End PBXFrameworksBuildPhase section */

    /* Begin PBXGroup section */
    57684CF09D3BE1A2 /* Main Group */ = {
      isa = PBXGroup;
      children = (
        438CD7B102E6F95A /* DesignFollowingDetails */,
        97ADE325C1F4086B /* DesignFollowingDetailsTests */,
        D21B6C90F748E3A5 /* DesignFollowingDetailsUITests */,
        1278BC0396ADF4E5 /* Products */
      );
      sourceTree = "<group>";
    };
    438CD7B102E6F95A /* DesignFollowingDetails */ = {
      isa = PBXGroup;
      children = (
        B0936F5D128AC74E,
        C132FA5847BE906D,
        9F028A7C6B5D314E,
        CF0D8127963BE4A5,
        6C71FE095B23DA84,
        23F87AB941605CED,
        1BE250AC48793D6F,
        BA4017D3F85296CE,
        56A93FD2018B74CE,
        67ECA0F359D1842B,
        47BA130D26ECF859,
        AE0147FBDC652938,
        2B39A7D1EF405C68,
        F0A129B3C48567ED,
        CB4F7A05962E318D,
        73E8F0A1BD42965C,
        42B751A86C3FD90E
      );
      path = "DesignFollowingDetails";
      sourceTree = "<group>";
    };
    
    B0936F5D128AC74E /* Views */ = {
      isa = PBXGroup;
      children = (
        DB6A2EC9351F7480,
        A43B65CF2781E9D0,
        AE903B1284D67F5C,
        73BE1490A52CD86F
      );
      path = "Views";
      sourceTree = "<group>";
    };
    C132FA5847BE906D /* Managers */ = {
      isa = PBXGroup;
      children = (
        62B9051EA748D3FC,
        2894E1BDA3705FC6,
        D7F086C9B34A2E51
      );
      path = "Managers";
      sourceTree = "<group>";
    };
    9F028A7C6B5D314E /* Models */ = {
      isa = PBXGroup;
      children = (
        CD43298150A7BEF6,
        F5743C8DEA0621B9,
        DC7638B2104A59FE
      );
      path = "Models";
      sourceTree = "<group>";
    };
    97ADE325C1F4086B /* DesignFollowingDetailsTests */ = {
      isa = PBXGroup;
      children = (
        B38529CA4701FDE6 /* DesignFollowingDetailsTests.swift */
      );
      path = "DesignFollowingDetailsTests";
      sourceTree = "<group>";
    };
    D21B6C90F748E3A5 /* DesignFollowingDetailsUITests */ = {
      isa = PBXGroup;
      children = (
        70A6B3D128495CFE /* DesignFollowingDetailsUITests.swift */
      );
      path = "DesignFollowingDetailsUITests";
      sourceTree = "<group>";
    };
    1278BC0396ADF4E5 /* Products */ = {
      isa = PBXGroup;
      children = (
        A4B872DE631950FC /* DesignFollowingDetails.app */,
        90FABCD3E5176824 /* DesignFollowingDetailsTests.xctest */,
        1F84567CBE3029DA /* DesignFollowingDetailsUITests.xctest */
      );
      name = Products;
      sourceTree = "<group>";
    };
    /* End PBXGroup section */

    /* Begin PBXNativeTarget section */
    93C768DA42B51EF0 /* DesignFollowingDetails */ = {
      isa = PBXNativeTarget;
      buildConfigurationList = 53D716F8AB4290CE /* Build configuration list for PBXNativeTarget "DesignFollowingDetails" */;
      buildPhases = (
        F20A4B971C638E5D /* Sources */,
        26478F0DC19A53EB /* Frameworks */
      );
      buildRules = (
      );
      dependencies = (
      );
      name = "DesignFollowingDetails";
      productName = "DesignFollowingDetails";
      productReference = A4B872DE631950FC /* DesignFollowingDetails.app */;
      productType = "com.apple.product-type.application";
    };
    CE50986B31F24A7D /* DesignFollowingDetailsTests */ = {
      isa = PBXNativeTarget;
      buildConfigurationList = D71C0AF3B2E45986 /* Build configuration list for PBXNativeTarget "DesignFollowingDetailsTests" */;
      buildPhases = (
        04C129E83F5DB76A /* Sources */,
        96F57843BDC2A10E /* Frameworks */
      );
      buildRules = (
      );
      dependencies = (
        FE07DCB1A8692534 /* PBXTargetDependency */
      );
      name = "DesignFollowingDetailsTests";
      productName = "DesignFollowingDetailsTests";
      productReference = 90FABCD3E5176824 /* DesignFollowingDetailsTests.xctest */;
      productType = "com.apple.product-type.bundle.unit-test";
    };
    D07C1923A8B45F6E /* DesignFollowingDetailsUITests */ = {
      isa = PBXNativeTarget;
      buildConfigurationList = 3A0521DF76489CBE /* Build configuration list for PBXNativeTarget "DesignFollowingDetailsUITests" */;
      buildPhases = (
        01BF8AE9234C567D /* Sources */,
        1D8C502764EA3FB9 /* Frameworks */
      );
      buildRules = (
      );
      dependencies = (
        F3D59E7C1860A4B2 /* PBXTargetDependency */
      );
      name = "DesignFollowingDetailsUITests";
      productName = "DesignFollowingDetailsUITests";
      productReference = 1F84567CBE3029DA /* DesignFollowingDetailsUITests.xctest */;
      productType = "com.apple.product-type.bundle.ui-testing";
    };
    /* End PBXNativeTarget section */

    /* Begin PBXProject section */
    67D3C2E59A1FB804 /* Project object */ = {
      isa = PBXProject;
      attributes = {
        LastSwiftUpdateCheck = 1500;
        LastUpgradeCheck = 1500;
        TargetAttributes = {
          93C768DA42B51EF0 = {
            CreatedOnToolsVersion = 15.0;
          };
          CE50986B31F24A7D = {
            CreatedOnToolsVersion = 15.0;
            TestTargetID = 93C768DA42B51EF0;
          };
          D07C1923A8B45F6E = {
            CreatedOnToolsVersion = 15.0;
            TestTargetID = 93C768DA42B51EF0;
          };
        };
      };
      buildConfigurationList = E015F276B3A9DC48 /* Build configuration list for PBXProject "DesignFollowingDetails" */;
      compatibilityVersion = "Xcode 14.0";
      developmentRegion = en;
      hasScannedForEncodings = 0;
      knownRegions = (
        en,
        Base
      );
      mainGroup = 57684CF09D3BE1A2;
      productRefGroup = 1278BC0396ADF4E5 /* Products */;
      projectDirPath = "";
      projectRoot = "";
      targets = (
        93C768DA42B51EF0 /* DesignFollowingDetails */,
        CE50986B31F24A7D /* DesignFollowingDetailsTests */,
        D07C1923A8B45F6E /* DesignFollowingDetailsUITests */
      );
    };
    /* End PBXProject section */

    /* Begin PBXSourcesBuildPhase section */
    F20A4B971C638E5D /* Sources */ = {
      isa = PBXSourcesBuildPhase;
      buildActionMask = 2147483647;
      files = (
        FD432C71B059AE86,
        7BF041C9368EA25D,
        6DA8B395E1072FC4,
        2B049D75A63F81CE,
        E35F60B4A1978D2C,
        CB02475FE9381DA6,
        728D516EC9F30A4B,
        6B532F41D098CAE7,
        BF067915843C2ADE,
        BE06C49DF571A328,
        EA3257CF681D094B,
        2C4B57D3A68F109E,
        531E07DAC829FB46,
        D259184306FAB7CE,
        2F1B89ADC705E463,
        E5D06F972C1A4B38,
        3F5A7E0128B4DC96,
        0B187A24D5396CFE,
        D64975A2B3F8C1E0,
        017D96B4C82FA35E,
        A7B43E56D0128FC9,
        D95CB173F02A4E68,
        69B0381F4AD7EC25,
        C6E23587A94FD0B1
      );
      runOnlyForDeploymentPostprocessing = 0;
    };
    04C129E83F5DB76A /* Sources */ = {
      isa = PBXSourcesBuildPhase;
      buildActionMask = 2147483647;
      files = (
        64D3C91F5BE0A827 /* DesignFollowingDetailsTests.swift in Sources */
      );
      runOnlyForDeploymentPostprocessing = 0;
    };
    01BF8AE9234C567D /* Sources */ = {
      isa = PBXSourcesBuildPhase;
      buildActionMask = 2147483647;
      files = (
        05B8F731D29A4E6C /* DesignFollowingDetailsUITests.swift in Sources */
      );
      runOnlyForDeploymentPostprocessing = 0;
    };
    /* End PBXSourcesBuildPhase section */

    /* Begin PBXContainerItemProxy section */
    1602C4A3D57FE8B9 /* PBXContainerItemProxy */ = {
      isa = PBXContainerItemProxy;
      containerPortal = 67D3C2E59A1FB804 /* Project object */;
      proxyType = 1;
      remoteGlobalIDString = 93C768DA42B51EF0;
      remoteInfo = "DesignFollowingDetails";
    };
    F4CE051728DB9A63 /* PBXContainerItemProxy */ = {
      isa = PBXContainerItemProxy;
      containerPortal = 67D3C2E59A1FB804 /* Project object */;
      proxyType = 1;
      remoteGlobalIDString = 93C768DA42B51EF0;
      remoteInfo = "DesignFollowingDetails";
    };
    /* End PBXContainerItemProxy section */

    /* Begin PBXTargetDependency section */
    FE07DCB1A8692534 /* PBXTargetDependency */ = {
      isa = PBXTargetDependency;
      target = 93C768DA42B51EF0 /* DesignFollowingDetails */;
      targetProxy = 1602C4A3D57FE8B9 /* PBXContainerItemProxy */;
    };
    F3D59E7C1860A4B2 /* PBXTargetDependency */ = {
      isa = PBXTargetDependency;
      target = 93C768DA42B51EF0 /* DesignFollowingDetails */;
      targetProxy = F4CE051728DB9A63 /* PBXContainerItemProxy */;
    };
    /* End PBXTargetDependency section */

    /* Begin XCBuildConfiguration section */
    E14675ADBF3098C2 /* Debug */ = {
      isa = XCBuildConfiguration;
      buildSettings = {
        ALWAYS_SEARCH_USER_PATHS = NO;
        ASSETCATALOG_COMPILER_APPICON_NAME = AppIcon;
        ASSETCATALOG_COMPILER_GLOBAL_ACCENT_COLOR_NAME = AccentColor;
        CLANG_ANALYZER_NONNULL = YES;
        CLANG_ANALYZER_NUMBER_OBJECT_CONVERSION = YES_AGGRESSIVE;
        CLANG_CXX_LANGUAGE_STANDARD = "gnu++20";
        CLANG_ENABLE_MODULES = YES;
        CLANG_ENABLE_OBJC_ARC = YES;
        CLANG_ENABLE_OBJC_WEAK = YES;
        CODE_SIGN_STYLE = Automatic;
        CURRENT_PROJECT_VERSION = 1;
        DEVELOPMENT_ASSET_PATHS = "";
        DEVELOPMENT_TEAM = "";
        ENABLE_PREVIEWS = YES;
        ENABLE_STRICT_OBJC_MSGSEND = YES;
        ENABLE_TESTABILITY = YES;
        FRAMEWORK_SEARCH_PATHS = (
          "$(inherited)",
          "$(SDKROOT)/System/Library/Frameworks"
        );
        GCC_C_LANGUAGE_STANDARD = gnu11;
        GCC_DYNAMIC_NO_PIC = NO;
        GCC_NO_COMMON_BLOCKS = YES;
        GCC_OPTIMIZATION_LEVEL = 0;
        GCC_PREPROCESSOR_DEFINITIONS = (
          "DEBUG=1",
          "$(inherited)",
        );
        GENERATE_INFOPLIST_FILE = YES;
        INFOPLIST_KEY_UIApplicationSceneManifest_Generation = YES;
        INFOPLIST_KEY_UILaunchScreen_Generation = YES;
        IPHONEOS_DEPLOYMENT_TARGET = 15.0;
        LD_RUNPATH_SEARCH_PATHS = (
          "$(inherited)",
          "@executable_path/Frameworks",
        );
        MARKETING_VERSION = 1.0;
        MTL_ENABLE_DEBUG_INFO = INCLUDE_SOURCE;
        MTL_FAST_MATH = YES;
        ONLY_ACTIVE_ARCH = YES;
        PRODUCT_BUNDLE_IDENTIFIER = "com.example.designfollowingdetails";
        PRODUCT_NAME = "$(TARGET_NAME)";
        SDKROOT = iphoneos;
        SUPPORTED_PLATFORMS = "iphoneos iphonesimulator";
        SUPPORTS_MACCATALYST = NO;
        SUPPORTS_MAC_DESIGNED_FOR_IPHONE_IPAD = NO;
        SWIFT_ACTIVE_COMPILATION_CONDITIONS = DEBUG;
        SWIFT_EMIT_LOC_STRINGS = YES;
        SWIFT_OPTIMIZATION_LEVEL = "-Onone";
        SWIFT_VERSION = 5.0;
        TARGETED_DEVICE_FAMILY = "1,2";
      };
      name = Debug;
    };
    47CDF25138EA906B /* Release */ = {
      isa = XCBuildConfiguration;
      buildSettings = {
        ALWAYS_SEARCH_USER_PATHS = NO;
        ASSETCATALOG_COMPILER_APPICON_NAME = AppIcon;
        ASSETCATALOG_COMPILER_GLOBAL_ACCENT_COLOR_NAME = AccentColor;
        CLANG_ANALYZER_NONNULL = YES;
        CLANG_ANALYZER_NUMBER_OBJECT_CONVERSION = YES_AGGRESSIVE;
        CLANG_CXX_LANGUAGE_STANDARD = "gnu++20";
        CLANG_ENABLE_MODULES = YES;
        CLANG_ENABLE_OBJC_ARC = YES;
        CLANG_ENABLE_OBJC_WEAK = YES;
        CODE_SIGN_STYLE = Automatic;
        COPY_PHASE_STRIP = NO;
        CURRENT_PROJECT_VERSION = 1;
        DEVELOPMENT_ASSET_PATHS = "";
        DEVELOPMENT_TEAM = "";
        ENABLE_NS_ASSERTIONS = NO;
        ENABLE_PREVIEWS = YES;
        ENABLE_STRICT_OBJC_MSGSEND = YES;
        FRAMEWORK_SEARCH_PATHS = (
          "$(inherited)",
          "$(SDKROOT)/System/Library/Frameworks"
        );
        GCC_C_LANGUAGE_STANDARD = gnu11;
        GCC_NO_COMMON_BLOCKS = YES;
        GENERATE_INFOPLIST_FILE = YES;
        INFOPLIST_KEY_UIApplicationSceneManifest_Generation = YES;
        INFOPLIST_KEY_UILaunchScreen_Generation = YES;
        IPHONEOS_DEPLOYMENT_TARGET = 15.0;
        LD_RUNPATH_SEARCH_PATHS = (
          "$(inherited)",
          "@executable_path/Frameworks",
        );
        MARKETING_VERSION = 1.0;
        MTL_ENABLE_DEBUG_INFO = NO;
        MTL_FAST_MATH = YES;
        PRODUCT_BUNDLE_IDENTIFIER = "com.example.designfollowingdetails";
        PRODUCT_NAME = "$(TARGET_NAME)";
        SDKROOT = iphoneos;
        SUPPORTED_PLATFORMS = "iphoneos iphonesimulator";
        SUPPORTS_MACCATALYST = NO;
        SUPPORTS_MAC_DESIGNED_FOR_IPHONE_IPAD = NO;
        SWIFT_COMPILATION_MODE = wholemodule;
        SWIFT_EMIT_LOC_STRINGS = YES;
        SWIFT_OPTIMIZATION_LEVEL = "-O";
        SWIFT_VERSION = 5.0;
        TARGETED_DEVICE_FAMILY = "1,2";
        VALIDATE_PRODUCT = YES;
      };
      name = Release;
    };
    35E8409C1B76DAF2 /* Debug */ = {
      isa = XCBuildConfiguration;
      buildSettings = {
        BUNDLE_LOADER = "$(TEST_HOST)";
        CODE_SIGN_STYLE = Automatic;
        CURRENT_PROJECT_VERSION = 1;
        GENERATE_INFOPLIST_FILE = YES;
        IPHONEOS_DEPLOYMENT_TARGET = 15.0;
        MARKETING_VERSION = 1.0;
        PRODUCT_BUNDLE_IDENTIFIER = "com.example.designfollowingdetails.Tests";
        PRODUCT_NAME = "$(TARGET_NAME)";
        SDKROOT = iphoneos;
        SUPPORTED_PLATFORMS = "iphoneos iphonesimulator";
        SUPPORTS_MACCATALYST = NO;
        SUPPORTS_MAC_DESIGNED_FOR_IPHONE_IPAD = NO;
        SWIFT_EMIT_LOC_STRINGS = NO;
        SWIFT_VERSION = 5.0;
        TARGETED_DEVICE_FAMILY = "1,2";
        TEST_HOST = "$(BUILT_PRODUCTS_DIR)/DesignFollowingDetails.app/$(BUNDLE_EXECUTABLE_FOLDER_PATH)/DesignFollowingDetails";
      };
      name = Debug;
    };
    B8F5C3A21D06794E /* Release */ = {
      isa = XCBuildConfiguration;
      buildSettings = {
        BUNDLE_LOADER = "$(TEST_HOST)";
        CODE_SIGN_STYLE = Automatic;
        CURRENT_PROJECT_VERSION = 1;
        GENERATE_INFOPLIST_FILE = YES;
        IPHONEOS_DEPLOYMENT_TARGET = 15.0;
        MARKETING_VERSION = 1.0;
        PRODUCT_BUNDLE_IDENTIFIER = "com.example.designfollowingdetails.Tests";
        PRODUCT_NAME = "$(TARGET_NAME)";
        SDKROOT = iphoneos;
        SUPPORTED_PLATFORMS = "iphoneos iphonesimulator";
        SUPPORTS_MACCATALYST = NO;
        SUPPORTS_MAC_DESIGNED_FOR_IPHONE_IPAD = NO;
        SWIFT_EMIT_LOC_STRINGS = NO;
        SWIFT_VERSION = 5.0;
        TARGETED_DEVICE_FAMILY = "1,2";
        TEST_HOST = "$(BUILT_PRODUCTS_DIR)/DesignFollowingDetails.app/$(BUNDLE_EXECUTABLE_FOLDER_PATH)/DesignFollowingDetails";
        VALIDATE_PRODUCT = YES;
      };
      name = Release;
    };
    DC6EF4910237A58B /* Debug */ = {
      isa = XCBuildConfiguration;
      buildSettings = {
        CODE_SIGN_STYLE = Automatic;
        CURRENT_PROJECT_VERSION = 1;
        GENERATE_INFOPLIST_FILE = YES;
        MARKETING_VERSION = 1.0;
        PRODUCT_BUNDLE_IDENTIFIER = "com.example.designfollowingdetails.UITests";
        PRODUCT_NAME = "$(TARGET_NAME)";
        SDKROOT = iphoneos;
        SUPPORTED_PLATFORMS = "iphoneos iphonesimulator";
        SUPPORTS_MACCATALYST = NO;
        SUPPORTS_MAC_DESIGNED_FOR_IPHONE_IPAD = NO;
        SWIFT_EMIT_LOC_STRINGS = NO;
        SWIFT_VERSION = 5.0;
        TARGETED_DEVICE_FAMILY = "1,2";
        TEST_TARGET_NAME = DesignFollowingDetails;
      };
      name = Debug;
    };
    7560B1C483E9D2FA /* Release */ = {
      isa = XCBuildConfiguration;
      buildSettings = {
        CODE_SIGN_STYLE = Automatic;
        CURRENT_PROJECT_VERSION = 1;
        GENERATE_INFOPLIST_FILE = YES;
        MARKETING_VERSION = 1.0;
        PRODUCT_BUNDLE_IDENTIFIER = "com.example.designfollowingdetails.UITests";
        PRODUCT_NAME = "$(TARGET_NAME)";
        SDKROOT = iphoneos;
        SUPPORTED_PLATFORMS = "iphoneos iphonesimulator";
        SUPPORTS_MACCATALYST = NO;
        SUPPORTS_MAC_DESIGNED_FOR_IPHONE_IPAD = NO;
        SWIFT_EMIT_LOC_STRINGS = NO;
        SWIFT_VERSION = 5.0;
        TARGETED_DEVICE_FAMILY = "1,2";
        TEST_TARGET_NAME = DesignFollowingDetails;
        VALIDATE_PRODUCT = YES;
      };
      name = Release;
    };
    /* End XCBuildConfiguration section */

    /* Begin XCConfigurationList section */
    E015F276B3A9DC48 /* Build configuration list for PBXProject "DesignFollowingDetails" */ = {
      isa = XCConfigurationList;
      buildConfigurations = (
        E14675ADBF3098C2 /* Debug */,
        47CDF25138EA906B /* Release */
      );
      defaultConfigurationIsVisible = 0;
      defaultConfigurationName = Release;
    };
    53D716F8AB4290CE /* Build configuration list for PBXNativeTarget "DesignFollowingDetails" */ = {
      isa = XCConfigurationList;
      buildConfigurations = (
        E14675ADBF3098C2 /* Debug */,
        47CDF25138EA906B /* Release */
      );
      defaultConfigurationIsVisible = 0;
      defaultConfigurationName = Release;
    };
    D71C0AF3B2E45986 /* Build configuration list for PBXNativeTarget "DesignFollowingDetailsTests" */ = {
      isa = XCConfigurationList;
      buildConfigurations = (
        35E8409C1B76DAF2 /* Debug */,
        B8F5C3A21D06794E /* Release */
      );
      defaultConfigurationIsVisible = 0;
      defaultConfigurationName = Release;
    };
    3A0521DF76489CBE /* Build configuration list for PBXNativeTarget "DesignFollowingDetailsUITests" */ = {
      isa = XCConfigurationList;
      buildConfigurations = (
        DC6EF4910237A58B /* Debug */,
        7560B1C483E9D2FA /* Release */
      );
      defaultConfigurationIsVisible = 0;
      defaultConfigurationName = Release;
    };
    /* End XCConfigurationList section */

  };
  rootObject = 67D3C2E59A1FB804 /* Project object */;
}
